
Microsoft Visual Studio Solution File, Format Version 12.00
# Visual Studio Version 16
VisualStudioVersion = 16.0.29326.143
MinimumVisualStudioVersion = 10.0.40219.1
Project("{FAE04EC0-301F-11D3-BF4B-00C04F79EFBC}") = "HRMNirvana.Android", "Xamarin\HRMNirvana.Android\HRMNirvana.Android.csproj", "{E010C58A-CBA7-4679-984F-D46488C3CFCE}"
EndProject
Project("{FAE04EC0-301F-11D3-BF4B-00C04F79EFBC}") = "HRMNirvana.iOS", "Xamarin\HRMNirvana.iOS\HRMNirvana.iOS.csproj", "{03334FFE-28CD-4380-B167-8947C901FB1F}"
EndProject
Project("{9A19103F-16F7-4668-BE54-9A1E7A4F7556}") = "HRMNirvana.XF", "Xamarin\HRMNirvana.XF\HRMNirvana.XF.csproj", "{3F8A9E7B-9322-40DD-AEBD-EDE50A55E179}"
EndProject
Project("{9A19103F-16F7-4668-BE54-9A1E7A4F7556}") = "Risersoft.Framework.UI", "..\Common\Mobile\Risersoft.Framework.UI\Risersoft.Framework.UI.csproj", "{177CD1C9-0F8C-4721-A619-D55B90A2D2E5}"
EndProject
Project("{FAE04EC0-301F-11D3-BF4B-00C04F79EFBC}") = "Risersoft.Framework.Android", "..\Common\Mobile\Risersoft.Framework.Android\Risersoft.Framework.Android.csproj", "{57297672-F1DE-45B2-A4AE-A89029D48ECB}"
EndProject
Project("{FAE04EC0-301F-11D3-BF4B-00C04F79EFBC}") = "Risersoft.Framework.iOS", "..\Common\Mobile\Risersoft.Framework.iOS\Risersoft.Framework.iOS.csproj", "{B522F981-A9BC-40FA-9B6F-840711872D34}"
EndProject
Global
	GlobalSection(SolutionConfigurationPlatforms) = preSolution
		Debug|Any CPU = Debug|Any CPU
		Debug|iPhone = Debug|iPhone
		Debug|iPhoneSimulator = Debug|iPhoneSimulator
		Release|Any CPU = Release|Any CPU
		Release|iPhone = Release|iPhone
		Release|iPhoneSimulator = Release|iPhoneSimulator
	EndGlobalSection
	GlobalSection(ProjectConfigurationPlatforms) = postSolution
		{E010C58A-CBA7-4679-984F-D46488C3CFCE}.Debug|Any CPU.ActiveCfg = Debug|Any CPU
		{E010C58A-CBA7-4679-984F-D46488C3CFCE}.Debug|Any CPU.Build.0 = Debug|Any CPU
		{E010C58A-CBA7-4679-984F-D46488C3CFCE}.Debug|Any CPU.Deploy.0 = Debug|Any CPU
		{E010C58A-CBA7-4679-984F-D46488C3CFCE}.Debug|iPhone.ActiveCfg = Debug|Any CPU
		{E010C58A-CBA7-4679-984F-D46488C3CFCE}.Debug|iPhone.Build.0 = Debug|Any CPU
		{E010C58A-CBA7-4679-984F-D46488C3CFCE}.Debug|iPhone.Deploy.0 = Debug|Any CPU
		{E010C58A-CBA7-4679-984F-D46488C3CFCE}.Debug|iPhoneSimulator.ActiveCfg = Debug|Any CPU
		{E010C58A-CBA7-4679-984F-D46488C3CFCE}.Debug|iPhoneSimulator.Build.0 = Debug|Any CPU
		{E010C58A-CBA7-4679-984F-D46488C3CFCE}.Debug|iPhoneSimulator.Deploy.0 = Debug|Any CPU
		{E010C58A-CBA7-4679-984F-D46488C3CFCE}.Release|Any CPU.ActiveCfg = Release|Any CPU
		{E010C58A-CBA7-4679-984F-D46488C3CFCE}.Release|Any CPU.Build.0 = Release|Any CPU
		{E010C58A-CBA7-4679-984F-D46488C3CFCE}.Release|Any CPU.Deploy.0 = Release|Any CPU
		{E010C58A-CBA7-4679-984F-D46488C3CFCE}.Release|iPhone.ActiveCfg = Release|Any CPU
		{E010C58A-CBA7-4679-984F-D46488C3CFCE}.Release|iPhone.Build.0 = Release|Any CPU
		{E010C58A-CBA7-4679-984F-D46488C3CFCE}.Release|iPhone.Deploy.0 = Release|Any CPU
		{E010C58A-CBA7-4679-984F-D46488C3CFCE}.Release|iPhoneSimulator.ActiveCfg = Release|Any CPU
		{E010C58A-CBA7-4679-984F-D46488C3CFCE}.Release|iPhoneSimulator.Build.0 = Release|Any CPU
		{E010C58A-CBA7-4679-984F-D46488C3CFCE}.Release|iPhoneSimulator.Deploy.0 = Release|Any CPU
		{03334FFE-28CD-4380-B167-8947C901FB1F}.Debug|Any CPU.ActiveCfg = Debug|iPhoneSimulator
		{03334FFE-28CD-4380-B167-8947C901FB1F}.Debug|Any CPU.Build.0 = Debug|iPhoneSimulator
		{03334FFE-28CD-4380-B167-8947C901FB1F}.Debug|Any CPU.Deploy.0 = Debug|iPhoneSimulator
		{03334FFE-28CD-4380-B167-8947C901FB1F}.Debug|iPhone.ActiveCfg = Debug|iPhone
		{03334FFE-28CD-4380-B167-8947C901FB1F}.Debug|iPhone.Build.0 = Debug|iPhone
		{03334FFE-28CD-4380-B167-8947C901FB1F}.Debug|iPhone.Deploy.0 = Debug|iPhone
		{03334FFE-28CD-4380-B167-8947C901FB1F}.Debug|iPhoneSimulator.ActiveCfg = Debug|iPhoneSimulator
		{03334FFE-28CD-4380-B167-8947C901FB1F}.Debug|iPhoneSimulator.Build.0 = Debug|iPhoneSimulator
		{03334FFE-28CD-4380-B167-8947C901FB1F}.Debug|iPhoneSimulator.Deploy.0 = Debug|iPhoneSimulator
		{03334FFE-28CD-4380-B167-8947C901FB1F}.Release|Any CPU.ActiveCfg = Release|iPhone
		{03334FFE-28CD-4380-B167-8947C901FB1F}.Release|Any CPU.Build.0 = Release|iPhone
		{03334FFE-28CD-4380-B167-8947C901FB1F}.Release|Any CPU.Deploy.0 = Release|iPhone
		{03334FFE-28CD-4380-B167-8947C901FB1F}.Release|iPhone.ActiveCfg = Release|iPhone
		{03334FFE-28CD-4380-B167-8947C901FB1F}.Release|iPhone.Build.0 = Release|iPhone
		{03334FFE-28CD-4380-B167-8947C901FB1F}.Release|iPhone.Deploy.0 = Release|iPhone
		{03334FFE-28CD-4380-B167-8947C901FB1F}.Release|iPhoneSimulator.ActiveCfg = Release|iPhoneSimulator
		{03334FFE-28CD-4380-B167-8947C901FB1F}.Release|iPhoneSimulator.Build.0 = Release|iPhoneSimulator
		{03334FFE-28CD-4380-B167-8947C901FB1F}.Release|iPhoneSimulator.Deploy.0 = Release|iPhoneSimulator
		{3F8A9E7B-9322-40DD-AEBD-EDE50A55E179}.Debug|Any CPU.ActiveCfg = Debug|Any CPU
		{3F8A9E7B-9322-40DD-AEBD-EDE50A55E179}.Debug|Any CPU.Build.0 = Debug|Any CPU
		{3F8A9E7B-9322-40DD-AEBD-EDE50A55E179}.Debug|Any CPU.Deploy.0 = Debug|Any CPU
		{3F8A9E7B-9322-40DD-AEBD-EDE50A55E179}.Debug|iPhone.ActiveCfg = Debug|Any CPU
		{3F8A9E7B-9322-40DD-AEBD-EDE50A55E179}.Debug|iPhone.Build.0 = Debug|Any CPU
		{3F8A9E7B-9322-40DD-AEBD-EDE50A55E179}.Debug|iPhone.Deploy.0 = Debug|Any CPU
		{3F8A9E7B-9322-40DD-AEBD-EDE50A55E179}.Debug|iPhoneSimulator.ActiveCfg = Debug|Any CPU
		{3F8A9E7B-9322-40DD-AEBD-EDE50A55E179}.Debug|iPhoneSimulator.Build.0 = Debug|Any CPU
		{3F8A9E7B-9322-40DD-AEBD-EDE50A55E179}.Debug|iPhoneSimulator.Deploy.0 = Debug|Any CPU
		{3F8A9E7B-9322-40DD-AEBD-EDE50A55E179}.Release|Any CPU.ActiveCfg = Release|Any CPU
		{3F8A9E7B-9322-40DD-AEBD-EDE50A55E179}.Release|Any CPU.Build.0 = Release|Any CPU
		{3F8A9E7B-9322-40DD-AEBD-EDE50A55E179}.Release|Any CPU.Deploy.0 = Release|Any CPU
		{3F8A9E7B-9322-40DD-AEBD-EDE50A55E179}.Release|iPhone.ActiveCfg = Release|Any CPU
		{3F8A9E7B-9322-40DD-AEBD-EDE50A55E179}.Release|iPhone.Build.0 = Release|Any CPU
		{3F8A9E7B-9322-40DD-AEBD-EDE50A55E179}.Release|iPhone.Deploy.0 = Release|Any CPU
		{3F8A9E7B-9322-40DD-AEBD-EDE50A55E179}.Release|iPhoneSimulator.ActiveCfg = Release|Any CPU
		{3F8A9E7B-9322-40DD-AEBD-EDE50A55E179}.Release|iPhoneSimulator.Build.0 = Release|Any CPU
		{3F8A9E7B-9322-40DD-AEBD-EDE50A55E179}.Release|iPhoneSimulator.Deploy.0 = Release|Any CPU
		{177CD1C9-0F8C-4721-A619-D55B90A2D2E5}.Debug|Any CPU.ActiveCfg = Debug|Any CPU
		{177CD1C9-0F8C-4721-A619-D55B90A2D2E5}.Debug|Any CPU.Build.0 = Debug|Any CPU
		{177CD1C9-0F8C-4721-A619-D55B90A2D2E5}.Debug|iPhone.ActiveCfg = Debug|Any CPU
		{177CD1C9-0F8C-4721-A619-D55B90A2D2E5}.Debug|iPhone.Build.0 = Debug|Any CPU
		{177CD1C9-0F8C-4721-A619-D55B90A2D2E5}.Debug|iPhoneSimulator.ActiveCfg = Debug|Any CPU
		{177CD1C9-0F8C-4721-A619-D55B90A2D2E5}.Debug|iPhoneSimulator.Build.0 = Debug|Any CPU
		{177CD1C9-0F8C-4721-A619-D55B90A2D2E5}.Release|Any CPU.ActiveCfg = Release|Any CPU
		{177CD1C9-0F8C-4721-A619-D55B90A2D2E5}.Release|Any CPU.Build.0 = Release|Any CPU
		{177CD1C9-0F8C-4721-A619-D55B90A2D2E5}.Release|iPhone.ActiveCfg = Release|Any CPU
		{177CD1C9-0F8C-4721-A619-D55B90A2D2E5}.Release|iPhone.Build.0 = Release|Any CPU
		{177CD1C9-0F8C-4721-A619-D55B90A2D2E5}.Release|iPhoneSimulator.ActiveCfg = Release|Any CPU
		{177CD1C9-0F8C-4721-A619-D55B90A2D2E5}.Release|iPhoneSimulator.Build.0 = Release|Any CPU
		{57297672-F1DE-45B2-A4AE-A89029D48ECB}.Debug|Any CPU.ActiveCfg = Debug|Any CPU
		{57297672-F1DE-45B2-A4AE-A89029D48ECB}.Debug|Any CPU.Build.0 = Debug|Any CPU
		{57297672-F1DE-45B2-A4AE-A89029D48ECB}.Debug|iPhone.ActiveCfg = Debug|Any CPU
		{57297672-F1DE-45B2-A4AE-A89029D48ECB}.Debug|iPhone.Build.0 = Debug|Any CPU
		{57297672-F1DE-45B2-A4AE-A89029D48ECB}.Debug|iPhoneSimulator.ActiveCfg = Debug|Any CPU
		{57297672-F1DE-45B2-A4AE-A89029D48ECB}.Debug|iPhoneSimulator.Build.0 = Debug|Any CPU
		{57297672-F1DE-45B2-A4AE-A89029D48ECB}.Release|Any CPU.ActiveCfg = Release|Any CPU
		{57297672-F1DE-45B2-A4AE-A89029D48ECB}.Release|Any CPU.Build.0 = Release|Any CPU
		{57297672-F1DE-45B2-A4AE-A89029D48ECB}.Release|iPhone.ActiveCfg = Release|Any CPU
		{57297672-F1DE-45B2-A4AE-A89029D48ECB}.Release|iPhone.Build.0 = Release|Any CPU
		{57297672-F1DE-45B2-A4AE-A89029D48ECB}.Release|iPhoneSimulator.ActiveCfg = Release|Any CPU
		{57297672-F1DE-45B2-A4AE-A89029D48ECB}.Release|iPhoneSimulator.Build.0 = Release|Any CPU
		{B522F981-A9BC-40FA-9B6F-840711872D34}.Debug|Any CPU.ActiveCfg = Debug|Any CPU
		{B522F981-A9BC-40FA-9B6F-840711872D34}.Debug|Any CPU.Build.0 = Debug|Any CPU
		{B522F981-A9BC-40FA-9B6F-840711872D34}.Debug|iPhone.ActiveCfg = Debug|Any CPU
		{B522F981-A9BC-40FA-9B6F-840711872D34}.Debug|iPhone.Build.0 = Debug|Any CPU
		{B522F981-A9BC-40FA-9B6F-840711872D34}.Debug|iPhoneSimulator.ActiveCfg = Debug|Any CPU
		{B522F981-A9BC-40FA-9B6F-840711872D34}.Debug|iPhoneSimulator.Build.0 = Debug|Any CPU
		{B522F981-A9BC-40FA-9B6F-840711872D34}.Release|Any CPU.ActiveCfg = Release|Any CPU
		{B522F981-A9BC-40FA-9B6F-840711872D34}.Release|Any CPU.Build.0 = Release|Any CPU
		{B522F981-A9BC-40FA-9B6F-840711872D34}.Release|iPhone.ActiveCfg = Release|Any CPU
		{B522F981-A9BC-40FA-9B6F-840711872D34}.Release|iPhone.Build.0 = Release|Any CPU
		{B522F981-A9BC-40FA-9B6F-840711872D34}.Release|iPhoneSimulator.ActiveCfg = Release|Any CPU
		{B522F981-A9BC-40FA-9B6F-840711872D34}.Release|iPhoneSimulator.Build.0 = Release|Any CPU
	EndGlobalSection
	GlobalSection(SolutionProperties) = preSolution
		HideSolutionNode = FALSE
	EndGlobalSection
	GlobalSection(ExtensibilityGlobals) = postSolution
		SolutionGuid = {6313362F-353C-4547-8112-4D09F1A8E5D8}
	EndGlobalSection
	GlobalSection(TeamFoundationVersionControl) = preSolution
		SccNumberOfProjects = 7
		SccEnterpriseProvider = {4CA58AB2-18FA-4F8D-95D4-32DDF27D184C}
		SccTeamFoundationServer = https://rsds.visualstudio.com/
		SccLocalPath0 = .
		SccProjectUniqueName1 = Xamarin\\HRMNirvana.Android\\HRMNirvana.Android.csproj
		SccProjectName1 = Xamarin/HRMNirvana.Android
		SccLocalPath1 = Xamarin\\HRMNirvana.Android
		SccProjectUniqueName2 = Xamarin\\HRMNirvana.iOS\\HRMNirvana.iOS.csproj
		SccProjectName2 = Xamarin/HRMNirvana.iOS
		SccLocalPath2 = Xamarin\\HRMNirvana.iOS
		SccProjectUniqueName3 = Xamarin\\HRMNirvana.XF\\HRMNirvana.XF.csproj
		SccProjectName3 = Xamarin/HRMNirvana.XF
		SccLocalPath3 = Xamarin\\HRMNirvana.XF
		SccProjectUniqueName4 = ..\\Common\\Mobile\\Risersoft.Framework.Android\\Risersoft.Framework.Android.csproj
		SccProjectName4 = ../Common/Mobile/Risersoft.Framework.Android
		SccLocalPath4 = ..\\Common\\Mobile\\Risersoft.Framework.Android
		SccProjectUniqueName5 = ..\\Common\\Mobile\\Risersoft.Framework.iOS\\Risersoft.Framework.iOS.csproj
		SccProjectName5 = ../Common/Mobile/Risersoft.Framework.iOS
		SccLocalPath5 = ..\\Common\\Mobile\\Risersoft.Framework.iOS
		SccProjectUniqueName6 = ..\\Common\\Mobile\\Risersoft.Framework.UI\\Risersoft.Framework.UI.csproj
		SccProjectName6 = ../Common/Mobile/Risersoft.Framework.UI
		SccLocalPath6 = ..\\Common\\Mobile\\Risersoft.Framework.UI
	EndGlobalSection
EndGlobal
