
Microsoft Visual Studio Solution File, Format Version 12.00
# Visual Studio Version 16
VisualStudioVersion = 16.0.29324.140
MinimumVisualStudioVersion = 10.0.40219.1
Project("{FAE04EC0-301F-11D3-BF4B-00C04F79EFBC}") = "HRMNirvana.Android", "Xamarin\HRMNirvana.Android\HRMNirvana.Android.csproj", "{E010C58A-CBA7-4679-984F-D46488C3CFCE}"
EndProject
Project("{FAE04EC0-301F-11D3-BF4B-00C04F79EFBC}") = "HRMNirvana.iOS", "Xamarin\HRMNirvana.iOS\HRMNirvana.iOS.csproj", "{03334FFE-28CD-4380-B167-8947C901FB1F}"
EndProject
Project("{9A19103F-16F7-4668-BE54-9A1E7A4F7556}") = "HRMNirvana.XF", "Xamarin\HRMNirvana.XF\HRMNirvana.XF.csproj", "{3F8A9E7B-9322-40DD-AEBD-EDE50A55E179}"
EndProject
Project("{9A19103F-16F7-4668-BE54-9A1E7A4F7556}") = "Risersoft.Framework", "..\Framework\Mobile\Risersoft.Framework\Risersoft.Framework.csproj", "{237E15FD-F091-4CF2-B486-7260A6C2F08C}"
EndProject
Project("{FAE04EC0-301F-11D3-BF4B-00C04F79EFBC}") = "Risersoft.Framework.Android", "..\Common\Mobile\Risersoft.Framework.Android\Risersoft.Framework.Android.csproj", "{57297672-F1DE-45B2-A4AE-A89029D48ECB}"
EndProject
Project("{FAE04EC0-301F-11D3-BF4B-00C04F79EFBC}") = "Risersoft.Framework.iOS", "..\Common\Mobile\Risersoft.Framework.iOS\Risersoft.Framework.iOS.csproj", "{B522F981-A9BC-40FA-9B6F-840711872D34}"
EndProject
Project("{9A19103F-16F7-4668-BE54-9A1E7A4F7556}") = "risersoft.shared.portable", "..\Framework\Shared\risersoft.shared.portable\risersoft.shared.portable.csproj", "{A55B7DDC-45CE-4218-93A3-5BA124A0191F}"
EndProject
Project("{9A19103F-16F7-4668-BE54-9A1E7A4F7556}") = "risersoft.shared.htmlui", "..\Framework\Shared\risersoft.shared.htmlui\risersoft.shared.htmlui.csproj", "{B7B420E6-2700-4C0D-A748-CD7705A4C592}"
EndProject
Project("{778DAE3C-4631-46EA-AA77-85C1314464D9}") = "risersoft.shared", "..\Framework\Shared\risersoft.shared\risersoft.shared.vbproj", "{24F7EF77-B762-40AA-97C3-D1BE8FD71B32}"
EndProject
Project("{9A19103F-16F7-4668-BE54-9A1E7A4F7556}") = "Risersoft.Framework.UI", "..\Common\Mobile\Risersoft.Framework.UI\Risersoft.Framework.UI.csproj", "{D2589D41-27D6-42FE-8839-CDAD30E976DF}"
EndProject
Project("{9A19103F-16F7-4668-BE54-9A1E7A4F7556}") = "Risersoft.ESS", "ESS\Risersoft.ESS\Risersoft.ESS.csproj", "{9A0AFE74-D6B2-4BE2-833A-16DCB5C949D8}"
EndProject
Project("{FAE04EC0-301F-11D3-BF4B-00C04F79EFBC}") = "Risersoft.ESS.iOS", "ESS\Risersoft.ESS.iOS\Risersoft.ESS.iOS.csproj", "{F6514488-A3A4-4C75-8877-07EF8A864BB4}"
EndProject
Project("{FAE04EC0-301F-11D3-BF4B-00C04F79EFBC}") = "Risersoft.ESS.Android", "ESS\Risersoft.ESS.Android\Risersoft.ESS.Android.csproj", "{4A6EE0BC-D470-40AA-899F-5BB636B46646}"
EndProject
Global
	GlobalSection(SolutionConfigurationPlatforms) = preSolution
		Ad-Hoc|Any CPU = Ad-Hoc|Any CPU
		Ad-Hoc|iPhone = Ad-Hoc|iPhone
		Ad-Hoc|iPhoneSimulator = Ad-Hoc|iPhoneSimulator
		AppStore|Any CPU = AppStore|Any CPU
		AppStore|iPhone = AppStore|iPhone
		AppStore|iPhoneSimulator = AppStore|iPhoneSimulator
		Debug|Any CPU = Debug|Any CPU
		Debug|iPhone = Debug|iPhone
		Debug|iPhoneSimulator = Debug|iPhoneSimulator
		Release|Any CPU = Release|Any CPU
		Release|iPhone = Release|iPhone
		Release|iPhoneSimulator = Release|iPhoneSimulator
	EndGlobalSection
	GlobalSection(ProjectConfigurationPlatforms) = postSolution
		{E010C58A-CBA7-4679-984F-D46488C3CFCE}.Ad-Hoc|Any CPU.ActiveCfg = Debug2|Any CPU
		{E010C58A-CBA7-4679-984F-D46488C3CFCE}.Ad-Hoc|Any CPU.Build.0 = Debug2|Any CPU
		{E010C58A-CBA7-4679-984F-D46488C3CFCE}.Ad-Hoc|Any CPU.Deploy.0 = Debug2|Any CPU
		{E010C58A-CBA7-4679-984F-D46488C3CFCE}.Ad-Hoc|iPhone.ActiveCfg = Debug2|Any CPU
		{E010C58A-CBA7-4679-984F-D46488C3CFCE}.Ad-Hoc|iPhone.Build.0 = Debug2|Any CPU
		{E010C58A-CBA7-4679-984F-D46488C3CFCE}.Ad-Hoc|iPhone.Deploy.0 = Debug2|Any CPU
		{E010C58A-CBA7-4679-984F-D46488C3CFCE}.Ad-Hoc|iPhoneSimulator.ActiveCfg = Debug2|Any CPU
		{E010C58A-CBA7-4679-984F-D46488C3CFCE}.Ad-Hoc|iPhoneSimulator.Build.0 = Debug2|Any CPU
		{E010C58A-CBA7-4679-984F-D46488C3CFCE}.Ad-Hoc|iPhoneSimulator.Deploy.0 = Debug2|Any CPU
		{E010C58A-CBA7-4679-984F-D46488C3CFCE}.AppStore|Any CPU.ActiveCfg = Debug2|Any CPU
		{E010C58A-CBA7-4679-984F-D46488C3CFCE}.AppStore|Any CPU.Build.0 = Debug2|Any CPU
		{E010C58A-CBA7-4679-984F-D46488C3CFCE}.AppStore|Any CPU.Deploy.0 = Debug2|Any CPU
		{E010C58A-CBA7-4679-984F-D46488C3CFCE}.AppStore|iPhone.ActiveCfg = Debug2|Any CPU
		{E010C58A-CBA7-4679-984F-D46488C3CFCE}.AppStore|iPhone.Build.0 = Debug2|Any CPU
		{E010C58A-CBA7-4679-984F-D46488C3CFCE}.AppStore|iPhone.Deploy.0 = Debug2|Any CPU
		{E010C58A-CBA7-4679-984F-D46488C3CFCE}.AppStore|iPhoneSimulator.ActiveCfg = Debug2|Any CPU
		{E010C58A-CBA7-4679-984F-D46488C3CFCE}.AppStore|iPhoneSimulator.Build.0 = Debug2|Any CPU
		{E010C58A-CBA7-4679-984F-D46488C3CFCE}.AppStore|iPhoneSimulator.Deploy.0 = Debug2|Any CPU
		{E010C58A-CBA7-4679-984F-D46488C3CFCE}.Debug|Any CPU.ActiveCfg = Debug2|Any CPU
		{E010C58A-CBA7-4679-984F-D46488C3CFCE}.Debug|Any CPU.Build.0 = Debug2|Any CPU
		{E010C58A-CBA7-4679-984F-D46488C3CFCE}.Debug|Any CPU.Deploy.0 = Debug2|Any CPU
		{E010C58A-CBA7-4679-984F-D46488C3CFCE}.Debug|iPhone.ActiveCfg = Debug2|Any CPU
		{E010C58A-CBA7-4679-984F-D46488C3CFCE}.Debug|iPhone.Build.0 = Debug2|Any CPU
		{E010C58A-CBA7-4679-984F-D46488C3CFCE}.Debug|iPhone.Deploy.0 = Debug2|Any CPU
		{E010C58A-CBA7-4679-984F-D46488C3CFCE}.Debug|iPhoneSimulator.ActiveCfg = Debug|Any CPU
		{E010C58A-CBA7-4679-984F-D46488C3CFCE}.Debug|iPhoneSimulator.Build.0 = Debug|Any CPU
		{E010C58A-CBA7-4679-984F-D46488C3CFCE}.Debug|iPhoneSimulator.Deploy.0 = Debug|Any CPU
		{E010C58A-CBA7-4679-984F-D46488C3CFCE}.Release|Any CPU.ActiveCfg = Release|Any CPU
		{E010C58A-CBA7-4679-984F-D46488C3CFCE}.Release|Any CPU.Build.0 = Release|Any CPU
		{E010C58A-CBA7-4679-984F-D46488C3CFCE}.Release|Any CPU.Deploy.0 = Release|Any CPU
		{E010C58A-CBA7-4679-984F-D46488C3CFCE}.Release|iPhone.ActiveCfg = Release|Any CPU
		{E010C58A-CBA7-4679-984F-D46488C3CFCE}.Release|iPhone.Build.0 = Release|Any CPU
		{E010C58A-CBA7-4679-984F-D46488C3CFCE}.Release|iPhone.Deploy.0 = Release|Any CPU
		{E010C58A-CBA7-4679-984F-D46488C3CFCE}.Release|iPhoneSimulator.ActiveCfg = Release|Any CPU
		{E010C58A-CBA7-4679-984F-D46488C3CFCE}.Release|iPhoneSimulator.Build.0 = Release|Any CPU
		{E010C58A-CBA7-4679-984F-D46488C3CFCE}.Release|iPhoneSimulator.Deploy.0 = Release|Any CPU
		{03334FFE-28CD-4380-B167-8947C901FB1F}.Ad-Hoc|Any CPU.ActiveCfg = Ad-Hoc|iPhone
		{03334FFE-28CD-4380-B167-8947C901FB1F}.Ad-Hoc|iPhone.ActiveCfg = Ad-Hoc|iPhone
		{03334FFE-28CD-4380-B167-8947C901FB1F}.Ad-Hoc|iPhone.Build.0 = Ad-Hoc|iPhone
		{03334FFE-28CD-4380-B167-8947C901FB1F}.Ad-Hoc|iPhoneSimulator.ActiveCfg = Ad-Hoc|iPhoneSimulator
		{03334FFE-28CD-4380-B167-8947C901FB1F}.Ad-Hoc|iPhoneSimulator.Build.0 = Ad-Hoc|iPhoneSimulator
		{03334FFE-28CD-4380-B167-8947C901FB1F}.AppStore|Any CPU.ActiveCfg = AppStore|iPhone
		{03334FFE-28CD-4380-B167-8947C901FB1F}.AppStore|iPhone.ActiveCfg = AppStore|iPhone
		{03334FFE-28CD-4380-B167-8947C901FB1F}.AppStore|iPhone.Build.0 = AppStore|iPhone
		{03334FFE-28CD-4380-B167-8947C901FB1F}.AppStore|iPhoneSimulator.ActiveCfg = AppStore|iPhoneSimulator
		{03334FFE-28CD-4380-B167-8947C901FB1F}.AppStore|iPhoneSimulator.Build.0 = AppStore|iPhoneSimulator
		{03334FFE-28CD-4380-B167-8947C901FB1F}.Debug|Any CPU.ActiveCfg = Debug2|iPhone
		{03334FFE-28CD-4380-B167-8947C901FB1F}.Debug|iPhone.ActiveCfg = Debug2|iPhone
		{03334FFE-28CD-4380-B167-8947C901FB1F}.Debug|iPhone.Build.0 = Debug2|iPhone
		{03334FFE-28CD-4380-B167-8947C901FB1F}.Debug|iPhoneSimulator.ActiveCfg = Debug|iPhoneSimulator
		{03334FFE-28CD-4380-B167-8947C901FB1F}.Debug|iPhoneSimulator.Build.0 = Debug|iPhoneSimulator
		{03334FFE-28CD-4380-B167-8947C901FB1F}.Release|Any CPU.ActiveCfg = Release|iPhone
		{03334FFE-28CD-4380-B167-8947C901FB1F}.Release|iPhone.ActiveCfg = Release|iPhone
		{03334FFE-28CD-4380-B167-8947C901FB1F}.Release|iPhone.Build.0 = Release|iPhone
		{03334FFE-28CD-4380-B167-8947C901FB1F}.Release|iPhoneSimulator.ActiveCfg = Release|iPhoneSimulator
		{03334FFE-28CD-4380-B167-8947C901FB1F}.Release|iPhoneSimulator.Build.0 = Release|iPhoneSimulator
		{3F8A9E7B-9322-40DD-AEBD-EDE50A55E179}.Ad-Hoc|Any CPU.ActiveCfg = Debug2|Any CPU
		{3F8A9E7B-9322-40DD-AEBD-EDE50A55E179}.Ad-Hoc|Any CPU.Build.0 = Debug2|Any CPU
		{3F8A9E7B-9322-40DD-AEBD-EDE50A55E179}.Ad-Hoc|iPhone.ActiveCfg = Debug2|Any CPU
		{3F8A9E7B-9322-40DD-AEBD-EDE50A55E179}.Ad-Hoc|iPhone.Build.0 = Debug2|Any CPU
		{3F8A9E7B-9322-40DD-AEBD-EDE50A55E179}.Ad-Hoc|iPhoneSimulator.ActiveCfg = Debug2|Any CPU
		{3F8A9E7B-9322-40DD-AEBD-EDE50A55E179}.Ad-Hoc|iPhoneSimulator.Build.0 = Debug2|Any CPU
		{3F8A9E7B-9322-40DD-AEBD-EDE50A55E179}.AppStore|Any CPU.ActiveCfg = Debug2|Any CPU
		{3F8A9E7B-9322-40DD-AEBD-EDE50A55E179}.AppStore|Any CPU.Build.0 = Debug2|Any CPU
		{3F8A9E7B-9322-40DD-AEBD-EDE50A55E179}.AppStore|iPhone.ActiveCfg = Debug2|Any CPU
		{3F8A9E7B-9322-40DD-AEBD-EDE50A55E179}.AppStore|iPhone.Build.0 = Debug2|Any CPU
		{3F8A9E7B-9322-40DD-AEBD-EDE50A55E179}.AppStore|iPhoneSimulator.ActiveCfg = Debug2|Any CPU
		{3F8A9E7B-9322-40DD-AEBD-EDE50A55E179}.AppStore|iPhoneSimulator.Build.0 = Debug2|Any CPU
		{3F8A9E7B-9322-40DD-AEBD-EDE50A55E179}.Debug|Any CPU.ActiveCfg = Debug2|Any CPU
		{3F8A9E7B-9322-40DD-AEBD-EDE50A55E179}.Debug|Any CPU.Build.0 = Debug2|Any CPU
		{3F8A9E7B-9322-40DD-AEBD-EDE50A55E179}.Debug|iPhone.ActiveCfg = Debug2|Any CPU
		{3F8A9E7B-9322-40DD-AEBD-EDE50A55E179}.Debug|iPhone.Build.0 = Debug2|Any CPU
		{3F8A9E7B-9322-40DD-AEBD-EDE50A55E179}.Debug|iPhoneSimulator.ActiveCfg = Debug|Any CPU
		{3F8A9E7B-9322-40DD-AEBD-EDE50A55E179}.Debug|iPhoneSimulator.Build.0 = Debug|Any CPU
		{3F8A9E7B-9322-40DD-AEBD-EDE50A55E179}.Release|Any CPU.ActiveCfg = Release|Any CPU
		{3F8A9E7B-9322-40DD-AEBD-EDE50A55E179}.Release|Any CPU.Build.0 = Release|Any CPU
		{3F8A9E7B-9322-40DD-AEBD-EDE50A55E179}.Release|iPhone.ActiveCfg = Release|Any CPU
		{3F8A9E7B-9322-40DD-AEBD-EDE50A55E179}.Release|iPhone.Build.0 = Release|Any CPU
		{3F8A9E7B-9322-40DD-AEBD-EDE50A55E179}.Release|iPhoneSimulator.ActiveCfg = Release|Any CPU
		{3F8A9E7B-9322-40DD-AEBD-EDE50A55E179}.Release|iPhoneSimulator.Build.0 = Release|Any CPU
		{237E15FD-F091-4CF2-B486-7260A6C2F08C}.Ad-Hoc|Any CPU.ActiveCfg = Debug|Any CPU
		{237E15FD-F091-4CF2-B486-7260A6C2F08C}.Ad-Hoc|Any CPU.Build.0 = Debug|Any CPU
		{237E15FD-F091-4CF2-B486-7260A6C2F08C}.Ad-Hoc|iPhone.ActiveCfg = Debug|Any CPU
		{237E15FD-F091-4CF2-B486-7260A6C2F08C}.Ad-Hoc|iPhone.Build.0 = Debug|Any CPU
		{237E15FD-F091-4CF2-B486-7260A6C2F08C}.Ad-Hoc|iPhoneSimulator.ActiveCfg = Debug|Any CPU
		{237E15FD-F091-4CF2-B486-7260A6C2F08C}.Ad-Hoc|iPhoneSimulator.Build.0 = Debug|Any CPU
		{237E15FD-F091-4CF2-B486-7260A6C2F08C}.AppStore|Any CPU.ActiveCfg = Debug|Any CPU
		{237E15FD-F091-4CF2-B486-7260A6C2F08C}.AppStore|Any CPU.Build.0 = Debug|Any CPU
		{237E15FD-F091-4CF2-B486-7260A6C2F08C}.AppStore|iPhone.ActiveCfg = Debug|Any CPU
		{237E15FD-F091-4CF2-B486-7260A6C2F08C}.AppStore|iPhone.Build.0 = Debug|Any CPU
		{237E15FD-F091-4CF2-B486-7260A6C2F08C}.AppStore|iPhoneSimulator.ActiveCfg = Debug|Any CPU
		{237E15FD-F091-4CF2-B486-7260A6C2F08C}.AppStore|iPhoneSimulator.Build.0 = Debug|Any CPU
		{237E15FD-F091-4CF2-B486-7260A6C2F08C}.Debug|Any CPU.ActiveCfg = Debug|Any CPU
		{237E15FD-F091-4CF2-B486-7260A6C2F08C}.Debug|Any CPU.Build.0 = Debug|Any CPU
		{237E15FD-F091-4CF2-B486-7260A6C2F08C}.Debug|iPhone.ActiveCfg = Debug|Any CPU
		{237E15FD-F091-4CF2-B486-7260A6C2F08C}.Debug|iPhone.Build.0 = Debug|Any CPU
		{237E15FD-F091-4CF2-B486-7260A6C2F08C}.Debug|iPhoneSimulator.ActiveCfg = Debug|Any CPU
		{237E15FD-F091-4CF2-B486-7260A6C2F08C}.Debug|iPhoneSimulator.Build.0 = Debug|Any CPU
		{237E15FD-F091-4CF2-B486-7260A6C2F08C}.Release|Any CPU.ActiveCfg = Release|Any CPU
		{237E15FD-F091-4CF2-B486-7260A6C2F08C}.Release|Any CPU.Build.0 = Release|Any CPU
		{237E15FD-F091-4CF2-B486-7260A6C2F08C}.Release|iPhone.ActiveCfg = Release|Any CPU
		{237E15FD-F091-4CF2-B486-7260A6C2F08C}.Release|iPhone.Build.0 = Release|Any CPU
		{237E15FD-F091-4CF2-B486-7260A6C2F08C}.Release|iPhoneSimulator.ActiveCfg = Release|Any CPU
		{237E15FD-F091-4CF2-B486-7260A6C2F08C}.Release|iPhoneSimulator.Build.0 = Release|Any CPU
		{57297672-F1DE-45B2-A4AE-A89029D48ECB}.Ad-Hoc|Any CPU.ActiveCfg = Release|Any CPU
		{57297672-F1DE-45B2-A4AE-A89029D48ECB}.Ad-Hoc|Any CPU.Build.0 = Release|Any CPU
		{57297672-F1DE-45B2-A4AE-A89029D48ECB}.Ad-Hoc|iPhone.ActiveCfg = Release|Any CPU
		{57297672-F1DE-45B2-A4AE-A89029D48ECB}.Ad-Hoc|iPhone.Build.0 = Release|Any CPU
		{57297672-F1DE-45B2-A4AE-A89029D48ECB}.Ad-Hoc|iPhoneSimulator.ActiveCfg = Release|Any CPU
		{57297672-F1DE-45B2-A4AE-A89029D48ECB}.Ad-Hoc|iPhoneSimulator.Build.0 = Release|Any CPU
		{57297672-F1DE-45B2-A4AE-A89029D48ECB}.AppStore|Any CPU.ActiveCfg = Release|Any CPU
		{57297672-F1DE-45B2-A4AE-A89029D48ECB}.AppStore|Any CPU.Build.0 = Release|Any CPU
		{57297672-F1DE-45B2-A4AE-A89029D48ECB}.AppStore|iPhone.ActiveCfg = Release|Any CPU
		{57297672-F1DE-45B2-A4AE-A89029D48ECB}.AppStore|iPhone.Build.0 = Release|Any CPU
		{57297672-F1DE-45B2-A4AE-A89029D48ECB}.AppStore|iPhoneSimulator.ActiveCfg = Release|Any CPU
		{57297672-F1DE-45B2-A4AE-A89029D48ECB}.AppStore|iPhoneSimulator.Build.0 = Release|Any CPU
		{57297672-F1DE-45B2-A4AE-A89029D48ECB}.Debug|Any CPU.ActiveCfg = Debug2|Any CPU
		{57297672-F1DE-45B2-A4AE-A89029D48ECB}.Debug|Any CPU.Build.0 = Debug2|Any CPU
		{57297672-F1DE-45B2-A4AE-A89029D48ECB}.Debug|iPhone.ActiveCfg = Debug|Any CPU
		{57297672-F1DE-45B2-A4AE-A89029D48ECB}.Debug|iPhone.Build.0 = Debug|Any CPU
		{57297672-F1DE-45B2-A4AE-A89029D48ECB}.Debug|iPhoneSimulator.ActiveCfg = Debug|Any CPU
		{57297672-F1DE-45B2-A4AE-A89029D48ECB}.Debug|iPhoneSimulator.Build.0 = Debug|Any CPU
		{57297672-F1DE-45B2-A4AE-A89029D48ECB}.Release|Any CPU.ActiveCfg = Release|Any CPU
		{57297672-F1DE-45B2-A4AE-A89029D48ECB}.Release|Any CPU.Build.0 = Release|Any CPU
		{57297672-F1DE-45B2-A4AE-A89029D48ECB}.Release|iPhone.ActiveCfg = Release|Any CPU
		{57297672-F1DE-45B2-A4AE-A89029D48ECB}.Release|iPhone.Build.0 = Release|Any CPU
		{57297672-F1DE-45B2-A4AE-A89029D48ECB}.Release|iPhoneSimulator.ActiveCfg = Release|Any CPU
		{57297672-F1DE-45B2-A4AE-A89029D48ECB}.Release|iPhoneSimulator.Build.0 = Release|Any CPU
		{B522F981-A9BC-40FA-9B6F-840711872D34}.Ad-Hoc|Any CPU.ActiveCfg = Release|Any CPU
		{B522F981-A9BC-40FA-9B6F-840711872D34}.Ad-Hoc|Any CPU.Build.0 = Release|Any CPU
		{B522F981-A9BC-40FA-9B6F-840711872D34}.Ad-Hoc|iPhone.ActiveCfg = Release|Any CPU
		{B522F981-A9BC-40FA-9B6F-840711872D34}.Ad-Hoc|iPhone.Build.0 = Release|Any CPU
		{B522F981-A9BC-40FA-9B6F-840711872D34}.Ad-Hoc|iPhoneSimulator.ActiveCfg = Release|Any CPU
		{B522F981-A9BC-40FA-9B6F-840711872D34}.Ad-Hoc|iPhoneSimulator.Build.0 = Release|Any CPU
		{B522F981-A9BC-40FA-9B6F-840711872D34}.AppStore|Any CPU.ActiveCfg = Release|Any CPU
		{B522F981-A9BC-40FA-9B6F-840711872D34}.AppStore|Any CPU.Build.0 = Release|Any CPU
		{B522F981-A9BC-40FA-9B6F-840711872D34}.AppStore|iPhone.ActiveCfg = Release|Any CPU
		{B522F981-A9BC-40FA-9B6F-840711872D34}.AppStore|iPhone.Build.0 = Release|Any CPU
		{B522F981-A9BC-40FA-9B6F-840711872D34}.AppStore|iPhoneSimulator.ActiveCfg = Release|Any CPU
		{B522F981-A9BC-40FA-9B6F-840711872D34}.AppStore|iPhoneSimulator.Build.0 = Release|Any CPU
		{B522F981-A9BC-40FA-9B6F-840711872D34}.Debug|Any CPU.ActiveCfg = Debug2|Any CPU
		{B522F981-A9BC-40FA-9B6F-840711872D34}.Debug|Any CPU.Build.0 = Debug2|Any CPU
		{B522F981-A9BC-40FA-9B6F-840711872D34}.Debug|iPhone.ActiveCfg = Debug|Any CPU
		{B522F981-A9BC-40FA-9B6F-840711872D34}.Debug|iPhone.Build.0 = Debug|Any CPU
		{B522F981-A9BC-40FA-9B6F-840711872D34}.Debug|iPhoneSimulator.ActiveCfg = Debug|Any CPU
		{B522F981-A9BC-40FA-9B6F-840711872D34}.Debug|iPhoneSimulator.Build.0 = Debug|Any CPU
		{B522F981-A9BC-40FA-9B6F-840711872D34}.Release|Any CPU.ActiveCfg = Release|Any CPU
		{B522F981-A9BC-40FA-9B6F-840711872D34}.Release|Any CPU.Build.0 = Release|Any CPU
		{B522F981-A9BC-40FA-9B6F-840711872D34}.Release|iPhone.ActiveCfg = Release|Any CPU
		{B522F981-A9BC-40FA-9B6F-840711872D34}.Release|iPhone.Build.0 = Release|Any CPU
		{B522F981-A9BC-40FA-9B6F-840711872D34}.Release|iPhoneSimulator.ActiveCfg = Release|Any CPU
		{B522F981-A9BC-40FA-9B6F-840711872D34}.Release|iPhoneSimulator.Build.0 = Release|Any CPU
		{A55B7DDC-45CE-4218-93A3-5BA124A0191F}.Ad-Hoc|Any CPU.ActiveCfg = Debug|Any CPU
		{A55B7DDC-45CE-4218-93A3-5BA124A0191F}.Ad-Hoc|Any CPU.Build.0 = Debug|Any CPU
		{A55B7DDC-45CE-4218-93A3-5BA124A0191F}.Ad-Hoc|iPhone.ActiveCfg = Debug|Any CPU
		{A55B7DDC-45CE-4218-93A3-5BA124A0191F}.Ad-Hoc|iPhone.Build.0 = Debug|Any CPU
		{A55B7DDC-45CE-4218-93A3-5BA124A0191F}.Ad-Hoc|iPhoneSimulator.ActiveCfg = Debug|Any CPU
		{A55B7DDC-45CE-4218-93A3-5BA124A0191F}.Ad-Hoc|iPhoneSimulator.Build.0 = Debug|Any CPU
		{A55B7DDC-45CE-4218-93A3-5BA124A0191F}.AppStore|Any CPU.ActiveCfg = Debug|Any CPU
		{A55B7DDC-45CE-4218-93A3-5BA124A0191F}.AppStore|Any CPU.Build.0 = Debug|Any CPU
		{A55B7DDC-45CE-4218-93A3-5BA124A0191F}.AppStore|iPhone.ActiveCfg = Debug|Any CPU
		{A55B7DDC-45CE-4218-93A3-5BA124A0191F}.AppStore|iPhone.Build.0 = Debug|Any CPU
		{A55B7DDC-45CE-4218-93A3-5BA124A0191F}.AppStore|iPhoneSimulator.ActiveCfg = Debug|Any CPU
		{A55B7DDC-45CE-4218-93A3-5BA124A0191F}.AppStore|iPhoneSimulator.Build.0 = Debug|Any CPU
		{A55B7DDC-45CE-4218-93A3-5BA124A0191F}.Debug|Any CPU.ActiveCfg = Debug|Any CPU
		{A55B7DDC-45CE-4218-93A3-5BA124A0191F}.Debug|Any CPU.Build.0 = Debug|Any CPU
		{A55B7DDC-45CE-4218-93A3-5BA124A0191F}.Debug|iPhone.ActiveCfg = Debug|Any CPU
		{A55B7DDC-45CE-4218-93A3-5BA124A0191F}.Debug|iPhone.Build.0 = Debug|Any CPU
		{A55B7DDC-45CE-4218-93A3-5BA124A0191F}.Debug|iPhoneSimulator.ActiveCfg = Debug|Any CPU
		{A55B7DDC-45CE-4218-93A3-5BA124A0191F}.Debug|iPhoneSimulator.Build.0 = Debug|Any CPU
		{A55B7DDC-45CE-4218-93A3-5BA124A0191F}.Release|Any CPU.ActiveCfg = Release|Any CPU
		{A55B7DDC-45CE-4218-93A3-5BA124A0191F}.Release|Any CPU.Build.0 = Release|Any CPU
		{A55B7DDC-45CE-4218-93A3-5BA124A0191F}.Release|iPhone.ActiveCfg = Release|Any CPU
		{A55B7DDC-45CE-4218-93A3-5BA124A0191F}.Release|iPhone.Build.0 = Release|Any CPU
		{A55B7DDC-45CE-4218-93A3-5BA124A0191F}.Release|iPhoneSimulator.ActiveCfg = Release|Any CPU
		{A55B7DDC-45CE-4218-93A3-5BA124A0191F}.Release|iPhoneSimulator.Build.0 = Release|Any CPU
		{B7B420E6-2700-4C0D-A748-CD7705A4C592}.Ad-Hoc|Any CPU.ActiveCfg = Debug|Any CPU
		{B7B420E6-2700-4C0D-A748-CD7705A4C592}.Ad-Hoc|Any CPU.Build.0 = Debug|Any CPU
		{B7B420E6-2700-4C0D-A748-CD7705A4C592}.Ad-Hoc|iPhone.ActiveCfg = Debug|Any CPU
		{B7B420E6-2700-4C0D-A748-CD7705A4C592}.Ad-Hoc|iPhone.Build.0 = Debug|Any CPU
		{B7B420E6-2700-4C0D-A748-CD7705A4C592}.Ad-Hoc|iPhoneSimulator.ActiveCfg = Debug|Any CPU
		{B7B420E6-2700-4C0D-A748-CD7705A4C592}.Ad-Hoc|iPhoneSimulator.Build.0 = Debug|Any CPU
		{B7B420E6-2700-4C0D-A748-CD7705A4C592}.AppStore|Any CPU.ActiveCfg = Debug|Any CPU
		{B7B420E6-2700-4C0D-A748-CD7705A4C592}.AppStore|Any CPU.Build.0 = Debug|Any CPU
		{B7B420E6-2700-4C0D-A748-CD7705A4C592}.AppStore|iPhone.ActiveCfg = Debug|Any CPU
		{B7B420E6-2700-4C0D-A748-CD7705A4C592}.AppStore|iPhone.Build.0 = Debug|Any CPU
		{B7B420E6-2700-4C0D-A748-CD7705A4C592}.AppStore|iPhoneSimulator.ActiveCfg = Debug|Any CPU
		{B7B420E6-2700-4C0D-A748-CD7705A4C592}.AppStore|iPhoneSimulator.Build.0 = Debug|Any CPU
		{B7B420E6-2700-4C0D-A748-CD7705A4C592}.Debug|Any CPU.ActiveCfg = Debug|Any CPU
		{B7B420E6-2700-4C0D-A748-CD7705A4C592}.Debug|Any CPU.Build.0 = Debug|Any CPU
		{B7B420E6-2700-4C0D-A748-CD7705A4C592}.Debug|iPhone.ActiveCfg = Debug|Any CPU
		{B7B420E6-2700-4C0D-A748-CD7705A4C592}.Debug|iPhone.Build.0 = Debug|Any CPU
		{B7B420E6-2700-4C0D-A748-CD7705A4C592}.Debug|iPhoneSimulator.ActiveCfg = Debug|Any CPU
		{B7B420E6-2700-4C0D-A748-CD7705A4C592}.Debug|iPhoneSimulator.Build.0 = Debug|Any CPU
		{B7B420E6-2700-4C0D-A748-CD7705A4C592}.Release|Any CPU.ActiveCfg = Release|Any CPU
		{B7B420E6-2700-4C0D-A748-CD7705A4C592}.Release|Any CPU.Build.0 = Release|Any CPU
		{B7B420E6-2700-4C0D-A748-CD7705A4C592}.Release|iPhone.ActiveCfg = Release|Any CPU
		{B7B420E6-2700-4C0D-A748-CD7705A4C592}.Release|iPhone.Build.0 = Release|Any CPU
		{B7B420E6-2700-4C0D-A748-CD7705A4C592}.Release|iPhoneSimulator.ActiveCfg = Release|Any CPU
		{B7B420E6-2700-4C0D-A748-CD7705A4C592}.Release|iPhoneSimulator.Build.0 = Release|Any CPU
		{24F7EF77-B762-40AA-97C3-D1BE8FD71B32}.Ad-Hoc|Any CPU.ActiveCfg = Debug|Any CPU
		{24F7EF77-B762-40AA-97C3-D1BE8FD71B32}.Ad-Hoc|Any CPU.Build.0 = Debug|Any CPU
		{24F7EF77-B762-40AA-97C3-D1BE8FD71B32}.Ad-Hoc|iPhone.ActiveCfg = Debug|Any CPU
		{24F7EF77-B762-40AA-97C3-D1BE8FD71B32}.Ad-Hoc|iPhone.Build.0 = Debug|Any CPU
		{24F7EF77-B762-40AA-97C3-D1BE8FD71B32}.Ad-Hoc|iPhoneSimulator.ActiveCfg = Debug|Any CPU
		{24F7EF77-B762-40AA-97C3-D1BE8FD71B32}.Ad-Hoc|iPhoneSimulator.Build.0 = Debug|Any CPU
		{24F7EF77-B762-40AA-97C3-D1BE8FD71B32}.AppStore|Any CPU.ActiveCfg = Debug|Any CPU
		{24F7EF77-B762-40AA-97C3-D1BE8FD71B32}.AppStore|Any CPU.Build.0 = Debug|Any CPU
		{24F7EF77-B762-40AA-97C3-D1BE8FD71B32}.AppStore|iPhone.ActiveCfg = Debug|Any CPU
		{24F7EF77-B762-40AA-97C3-D1BE8FD71B32}.AppStore|iPhone.Build.0 = Debug|Any CPU
		{24F7EF77-B762-40AA-97C3-D1BE8FD71B32}.AppStore|iPhoneSimulator.ActiveCfg = Debug|Any CPU
		{24F7EF77-B762-40AA-97C3-D1BE8FD71B32}.AppStore|iPhoneSimulator.Build.0 = Debug|Any CPU
		{24F7EF77-B762-40AA-97C3-D1BE8FD71B32}.Debug|Any CPU.ActiveCfg = Debug|Any CPU
		{24F7EF77-B762-40AA-97C3-D1BE8FD71B32}.Debug|Any CPU.Build.0 = Debug|Any CPU
		{24F7EF77-B762-40AA-97C3-D1BE8FD71B32}.Debug|iPhone.ActiveCfg = Debug|Any CPU
		{24F7EF77-B762-40AA-97C3-D1BE8FD71B32}.Debug|iPhone.Build.0 = Debug|Any CPU
		{24F7EF77-B762-40AA-97C3-D1BE8FD71B32}.Debug|iPhoneSimulator.ActiveCfg = Debug|Any CPU
		{24F7EF77-B762-40AA-97C3-D1BE8FD71B32}.Debug|iPhoneSimulator.Build.0 = Debug|Any CPU
		{24F7EF77-B762-40AA-97C3-D1BE8FD71B32}.Release|Any CPU.ActiveCfg = Release|Any CPU
		{24F7EF77-B762-40AA-97C3-D1BE8FD71B32}.Release|Any CPU.Build.0 = Release|Any CPU
		{24F7EF77-B762-40AA-97C3-D1BE8FD71B32}.Release|iPhone.ActiveCfg = Release|Any CPU
		{24F7EF77-B762-40AA-97C3-D1BE8FD71B32}.Release|iPhone.Build.0 = Release|Any CPU
		{24F7EF77-B762-40AA-97C3-D1BE8FD71B32}.Release|iPhoneSimulator.ActiveCfg = Release|Any CPU
		{24F7EF77-B762-40AA-97C3-D1BE8FD71B32}.Release|iPhoneSimulator.Build.0 = Release|Any CPU
		{D2589D41-27D6-42FE-8839-CDAD30E976DF}.Ad-Hoc|Any CPU.ActiveCfg = Debug2|Any CPU
		{D2589D41-27D6-42FE-8839-CDAD30E976DF}.Ad-Hoc|Any CPU.Build.0 = Debug2|Any CPU
		{D2589D41-27D6-42FE-8839-CDAD30E976DF}.Ad-Hoc|iPhone.ActiveCfg = Debug2|Any CPU
		{D2589D41-27D6-42FE-8839-CDAD30E976DF}.Ad-Hoc|iPhone.Build.0 = Debug2|Any CPU
		{D2589D41-27D6-42FE-8839-CDAD30E976DF}.Ad-Hoc|iPhoneSimulator.ActiveCfg = Debug2|Any CPU
		{D2589D41-27D6-42FE-8839-CDAD30E976DF}.Ad-Hoc|iPhoneSimulator.Build.0 = Debug2|Any CPU
		{D2589D41-27D6-42FE-8839-CDAD30E976DF}.AppStore|Any CPU.ActiveCfg = Debug2|Any CPU
		{D2589D41-27D6-42FE-8839-CDAD30E976DF}.AppStore|Any CPU.Build.0 = Debug2|Any CPU
		{D2589D41-27D6-42FE-8839-CDAD30E976DF}.AppStore|iPhone.ActiveCfg = Debug2|Any CPU
		{D2589D41-27D6-42FE-8839-CDAD30E976DF}.AppStore|iPhone.Build.0 = Debug2|Any CPU
		{D2589D41-27D6-42FE-8839-CDAD30E976DF}.AppStore|iPhoneSimulator.ActiveCfg = Debug2|Any CPU
		{D2589D41-27D6-42FE-8839-CDAD30E976DF}.AppStore|iPhoneSimulator.Build.0 = Debug2|Any CPU
		{D2589D41-27D6-42FE-8839-CDAD30E976DF}.Debug|Any CPU.ActiveCfg = Debug2|Any CPU
		{D2589D41-27D6-42FE-8839-CDAD30E976DF}.Debug|Any CPU.Build.0 = Debug2|Any CPU
		{D2589D41-27D6-42FE-8839-CDAD30E976DF}.Debug|iPhone.ActiveCfg = Debug|Any CPU
		{D2589D41-27D6-42FE-8839-CDAD30E976DF}.Debug|iPhone.Build.0 = Debug|Any CPU
		{D2589D41-27D6-42FE-8839-CDAD30E976DF}.Debug|iPhoneSimulator.ActiveCfg = Debug|Any CPU
		{D2589D41-27D6-42FE-8839-CDAD30E976DF}.Debug|iPhoneSimulator.Build.0 = Debug|Any CPU
		{D2589D41-27D6-42FE-8839-CDAD30E976DF}.Release|Any CPU.ActiveCfg = Release|Any CPU
		{D2589D41-27D6-42FE-8839-CDAD30E976DF}.Release|Any CPU.Build.0 = Release|Any CPU
		{D2589D41-27D6-42FE-8839-CDAD30E976DF}.Release|iPhone.ActiveCfg = Release|Any CPU
		{D2589D41-27D6-42FE-8839-CDAD30E976DF}.Release|iPhone.Build.0 = Release|Any CPU
		{D2589D41-27D6-42FE-8839-CDAD30E976DF}.Release|iPhoneSimulator.ActiveCfg = Release|Any CPU
		{D2589D41-27D6-42FE-8839-CDAD30E976DF}.Release|iPhoneSimulator.Build.0 = Release|Any CPU
		{9A0AFE74-D6B2-4BE2-833A-16DCB5C949D8}.Ad-Hoc|Any CPU.ActiveCfg = Debug2|Any CPU
		{9A0AFE74-D6B2-4BE2-833A-16DCB5C949D8}.Ad-Hoc|Any CPU.Build.0 = Debug2|Any CPU
		{9A0AFE74-D6B2-4BE2-833A-16DCB5C949D8}.Ad-Hoc|iPhone.ActiveCfg = Debug2|Any CPU
		{9A0AFE74-D6B2-4BE2-833A-16DCB5C949D8}.Ad-Hoc|iPhone.Build.0 = Debug2|Any CPU
		{9A0AFE74-D6B2-4BE2-833A-16DCB5C949D8}.Ad-Hoc|iPhoneSimulator.ActiveCfg = Debug2|Any CPU
		{9A0AFE74-D6B2-4BE2-833A-16DCB5C949D8}.Ad-Hoc|iPhoneSimulator.Build.0 = Debug2|Any CPU
		{9A0AFE74-D6B2-4BE2-833A-16DCB5C949D8}.AppStore|Any CPU.ActiveCfg = Debug2|Any CPU
		{9A0AFE74-D6B2-4BE2-833A-16DCB5C949D8}.AppStore|Any CPU.Build.0 = Debug2|Any CPU
		{9A0AFE74-D6B2-4BE2-833A-16DCB5C949D8}.AppStore|iPhone.ActiveCfg = Debug2|Any CPU
		{9A0AFE74-D6B2-4BE2-833A-16DCB5C949D8}.AppStore|iPhone.Build.0 = Debug2|Any CPU
		{9A0AFE74-D6B2-4BE2-833A-16DCB5C949D8}.AppStore|iPhoneSimulator.ActiveCfg = Debug2|Any CPU
		{9A0AFE74-D6B2-4BE2-833A-16DCB5C949D8}.AppStore|iPhoneSimulator.Build.0 = Debug2|Any CPU
		{9A0AFE74-D6B2-4BE2-833A-16DCB5C949D8}.Debug|Any CPU.ActiveCfg = Debug2|Any CPU
		{9A0AFE74-D6B2-4BE2-833A-16DCB5C949D8}.Debug|Any CPU.Build.0 = Debug2|Any CPU
		{9A0AFE74-D6B2-4BE2-833A-16DCB5C949D8}.Debug|iPhone.ActiveCfg = Debug2|Any CPU
		{9A0AFE74-D6B2-4BE2-833A-16DCB5C949D8}.Debug|iPhone.Build.0 = Debug2|Any CPU
		{9A0AFE74-D6B2-4BE2-833A-16DCB5C949D8}.Debug|iPhoneSimulator.ActiveCfg = Debug|Any CPU
		{9A0AFE74-D6B2-4BE2-833A-16DCB5C949D8}.Debug|iPhoneSimulator.Build.0 = Debug|Any CPU
		{9A0AFE74-D6B2-4BE2-833A-16DCB5C949D8}.Release|Any CPU.ActiveCfg = Release|Any CPU
		{9A0AFE74-D6B2-4BE2-833A-16DCB5C949D8}.Release|Any CPU.Build.0 = Release|Any CPU
		{9A0AFE74-D6B2-4BE2-833A-16DCB5C949D8}.Release|iPhone.ActiveCfg = Release|Any CPU
		{9A0AFE74-D6B2-4BE2-833A-16DCB5C949D8}.Release|iPhone.Build.0 = Release|Any CPU
		{9A0AFE74-D6B2-4BE2-833A-16DCB5C949D8}.Release|iPhoneSimulator.ActiveCfg = Release|Any CPU
		{9A0AFE74-D6B2-4BE2-833A-16DCB5C949D8}.Release|iPhoneSimulator.Build.0 = Release|Any CPU
		{F6514488-A3A4-4C75-8877-07EF8A864BB4}.Ad-Hoc|Any CPU.ActiveCfg = Ad-Hoc|iPhone
		{F6514488-A3A4-4C75-8877-07EF8A864BB4}.Ad-Hoc|iPhone.ActiveCfg = Ad-Hoc|iPhone
		{F6514488-A3A4-4C75-8877-07EF8A864BB4}.Ad-Hoc|iPhone.Build.0 = Ad-Hoc|iPhone
		{F6514488-A3A4-4C75-8877-07EF8A864BB4}.Ad-Hoc|iPhoneSimulator.ActiveCfg = Ad-Hoc|iPhoneSimulator
		{F6514488-A3A4-4C75-8877-07EF8A864BB4}.Ad-Hoc|iPhoneSimulator.Build.0 = Ad-Hoc|iPhoneSimulator
		{F6514488-A3A4-4C75-8877-07EF8A864BB4}.AppStore|Any CPU.ActiveCfg = AppStore|iPhone
		{F6514488-A3A4-4C75-8877-07EF8A864BB4}.AppStore|iPhone.ActiveCfg = AppStore|iPhone
		{F6514488-A3A4-4C75-8877-07EF8A864BB4}.AppStore|iPhone.Build.0 = AppStore|iPhone
		{F6514488-A3A4-4C75-8877-07EF8A864BB4}.AppStore|iPhoneSimulator.ActiveCfg = AppStore|iPhoneSimulator
		{F6514488-A3A4-4C75-8877-07EF8A864BB4}.AppStore|iPhoneSimulator.Build.0 = AppStore|iPhoneSimulator
		{F6514488-A3A4-4C75-8877-07EF8A864BB4}.Debug|Any CPU.ActiveCfg = Debug2|iPhone
		{F6514488-A3A4-4C75-8877-07EF8A864BB4}.Debug|iPhone.ActiveCfg = Debug|iPhone
		{F6514488-A3A4-4C75-8877-07EF8A864BB4}.Debug|iPhone.Build.0 = Debug|iPhone
		{F6514488-A3A4-4C75-8877-07EF8A864BB4}.Debug|iPhoneSimulator.ActiveCfg = Debug|iPhoneSimulator
		{F6514488-A3A4-4C75-8877-07EF8A864BB4}.Debug|iPhoneSimulator.Build.0 = Debug|iPhoneSimulator
		{F6514488-A3A4-4C75-8877-07EF8A864BB4}.Release|Any CPU.ActiveCfg = Release|iPhone
		{F6514488-A3A4-4C75-8877-07EF8A864BB4}.Release|iPhone.ActiveCfg = Release|iPhone
		{F6514488-A3A4-4C75-8877-07EF8A864BB4}.Release|iPhone.Build.0 = Release|iPhone
		{F6514488-A3A4-4C75-8877-07EF8A864BB4}.Release|iPhoneSimulator.ActiveCfg = Release|iPhoneSimulator
		{F6514488-A3A4-4C75-8877-07EF8A864BB4}.Release|iPhoneSimulator.Build.0 = Release|iPhoneSimulator
		{4A6EE0BC-D470-40AA-899F-5BB636B46646}.Ad-Hoc|Any CPU.ActiveCfg = Debug2|Any CPU
		{4A6EE0BC-D470-40AA-899F-5BB636B46646}.Ad-Hoc|Any CPU.Build.0 = Debug2|Any CPU
		{4A6EE0BC-D470-40AA-899F-5BB636B46646}.Ad-Hoc|Any CPU.Deploy.0 = Debug2|Any CPU
		{4A6EE0BC-D470-40AA-899F-5BB636B46646}.Ad-Hoc|iPhone.ActiveCfg = Debug2|Any CPU
		{4A6EE0BC-D470-40AA-899F-5BB636B46646}.Ad-Hoc|iPhone.Build.0 = Debug2|Any CPU
		{4A6EE0BC-D470-40AA-899F-5BB636B46646}.Ad-Hoc|iPhone.Deploy.0 = Debug2|Any CPU
		{4A6EE0BC-D470-40AA-899F-5BB636B46646}.Ad-Hoc|iPhoneSimulator.ActiveCfg = Debug2|Any CPU
		{4A6EE0BC-D470-40AA-899F-5BB636B46646}.Ad-Hoc|iPhoneSimulator.Build.0 = Debug2|Any CPU
		{4A6EE0BC-D470-40AA-899F-5BB636B46646}.Ad-Hoc|iPhoneSimulator.Deploy.0 = Debug2|Any CPU
		{4A6EE0BC-D470-40AA-899F-5BB636B46646}.AppStore|Any CPU.ActiveCfg = Debug2|Any CPU
		{4A6EE0BC-D470-40AA-899F-5BB636B46646}.AppStore|Any CPU.Build.0 = Debug2|Any CPU
		{4A6EE0BC-D470-40AA-899F-5BB636B46646}.AppStore|Any CPU.Deploy.0 = Debug2|Any CPU
		{4A6EE0BC-D470-40AA-899F-5BB636B46646}.AppStore|iPhone.ActiveCfg = Debug2|Any CPU
		{4A6EE0BC-D470-40AA-899F-5BB636B46646}.AppStore|iPhone.Build.0 = Debug2|Any CPU
		{4A6EE0BC-D470-40AA-899F-5BB636B46646}.AppStore|iPhone.Deploy.0 = Debug2|Any CPU
		{4A6EE0BC-D470-40AA-899F-5BB636B46646}.AppStore|iPhoneSimulator.ActiveCfg = Debug2|Any CPU
		{4A6EE0BC-D470-40AA-899F-5BB636B46646}.AppStore|iPhoneSimulator.Build.0 = Debug2|Any CPU
		{4A6EE0BC-D470-40AA-899F-5BB636B46646}.AppStore|iPhoneSimulator.Deploy.0 = Debug2|Any CPU
		{4A6EE0BC-D470-40AA-899F-5BB636B46646}.Debug|Any CPU.ActiveCfg = Debug2|Any CPU
		{4A6EE0BC-D470-40AA-899F-5BB636B46646}.Debug|Any CPU.Build.0 = Debug2|Any CPU
		{4A6EE0BC-D470-40AA-899F-5BB636B46646}.Debug|Any CPU.Deploy.0 = Debug2|Any CPU
		{4A6EE0BC-D470-40AA-899F-5BB636B46646}.Debug|iPhone.ActiveCfg = Debug|Any CPU
		{4A6EE0BC-D470-40AA-899F-5BB636B46646}.Debug|iPhone.Build.0 = Debug|Any CPU
		{4A6EE0BC-D470-40AA-899F-5BB636B46646}.Debug|iPhone.Deploy.0 = Debug|Any CPU
		{4A6EE0BC-D470-40AA-899F-5BB636B46646}.Debug|iPhoneSimulator.ActiveCfg = Debug|Any CPU
		{4A6EE0BC-D470-40AA-899F-5BB636B46646}.Debug|iPhoneSimulator.Build.0 = Debug|Any CPU
		{4A6EE0BC-D470-40AA-899F-5BB636B46646}.Debug|iPhoneSimulator.Deploy.0 = Debug|Any CPU
		{4A6EE0BC-D470-40AA-899F-5BB636B46646}.Release|Any CPU.ActiveCfg = Release|Any CPU
		{4A6EE0BC-D470-40AA-899F-5BB636B46646}.Release|Any CPU.Build.0 = Release|Any CPU
		{4A6EE0BC-D470-40AA-899F-5BB636B46646}.Release|Any CPU.Deploy.0 = Release|Any CPU
		{4A6EE0BC-D470-40AA-899F-5BB636B46646}.Release|iPhone.ActiveCfg = Release|Any CPU
		{4A6EE0BC-D470-40AA-899F-5BB636B46646}.Release|iPhone.Build.0 = Release|Any CPU
		{4A6EE0BC-D470-40AA-899F-5BB636B46646}.Release|iPhone.Deploy.0 = Release|Any CPU
		{4A6EE0BC-D470-40AA-899F-5BB636B46646}.Release|iPhoneSimulator.ActiveCfg = Release|Any CPU
		{4A6EE0BC-D470-40AA-899F-5BB636B46646}.Release|iPhoneSimulator.Build.0 = Release|Any CPU
		{4A6EE0BC-D470-40AA-899F-5BB636B46646}.Release|iPhoneSimulator.Deploy.0 = Release|Any CPU
	EndGlobalSection
	GlobalSection(SolutionProperties) = preSolution
		HideSolutionNode = FALSE
	EndGlobalSection
	GlobalSection(ExtensibilityGlobals) = postSolution
		SolutionGuid = {6313362F-353C-4547-8112-4D09F1A8E5D8}
	EndGlobalSection
	GlobalSection(TeamFoundationVersionControl) = preSolution
		SccNumberOfProjects = 14
		SccEnterpriseProvider = {4CA58AB2-18FA-4F8D-95D4-32DDF27D184C}
		SccTeamFoundationServer = https://rsds.visualstudio.com/
		SccLocalPath0 = .
		SccProjectUniqueName1 = ..\\Framework\\Mobile\\Risersoft.Framework\\Risersoft.Framework.csproj
		SccProjectName1 = ../Framework/Mobile/Risersoft.Framework
		SccLocalPath1 = ..\\Framework\\Mobile\\Risersoft.Framework
		SccProjectUniqueName2 = ..\\Framework\\Shared\\risersoft.shared.portable\\risersoft.shared.portable.csproj
		SccProjectName2 = ../Framework/Shared/risersoft.shared.portable
		SccLocalPath2 = ..\\Framework\\Shared\\risersoft.shared.portable
		SccProjectUniqueName3 = ..\\Framework\\Shared\\risersoft.shared.htmlui\\risersoft.shared.htmlui.csproj
		SccProjectName3 = ../Framework/shared/risersoft.shared.htmlui
		SccLocalPath3 = ..\\Framework\\Shared\\risersoft.shared.htmlui
		SccProjectUniqueName4 = ..\\Framework\\Shared\\risersoft.shared\\risersoft.shared.vbproj
		SccProjectName4 = ../Framework/Shared/risersoft.shared
		SccLocalPath4 = ..\\Framework\\Shared\\risersoft.shared
		SccProjectUniqueName5 = ..\\Common\\Mobile\\Risersoft.Framework.Android\\Risersoft.Framework.Android.csproj
		SccProjectName5 = ../Common/Mobile/Risersoft.Framework.Android
		SccLocalPath5 = ..\\Common\\Mobile\\Risersoft.Framework.Android
		SccProjectUniqueName6 = ..\\Common\\Mobile\\Risersoft.Framework.iOS\\Risersoft.Framework.iOS.csproj
		SccProjectName6 = ../Common/Mobile/Risersoft.Framework.iOS
		SccLocalPath6 = ..\\Common\\Mobile\\Risersoft.Framework.iOS
		SccProjectUniqueName7 = ..\\Common\\Mobile\\Risersoft.Framework.UI\\Risersoft.Framework.UI.csproj
		SccProjectName7 = ../Common/Mobile/Risersoft.Framework.UI
		SccLocalPath7 = ..\\Common\\Mobile\\Risersoft.Framework.UI
		SccProjectUniqueName8 = ESS\\Risersoft.ESS\\Risersoft.ESS.csproj
		SccProjectName8 = ESS/Risersoft.ESS
		SccLocalPath8 = ESS\\Risersoft.ESS
		SccProjectUniqueName9 = ESS\\Risersoft.ESS.iOS\\Risersoft.ESS.iOS.csproj
		SccProjectName9 = ESS/Risersoft.ESS.iOS
		SccLocalPath9 = ESS\\Risersoft.ESS.iOS
		SccProjectUniqueName10 = ESS\\Risersoft.ESS.Android\\Risersoft.ESS.Android.csproj
		SccProjectName10 = ESS/Risersoft.ESS.Android
		SccLocalPath10 = ESS\\Risersoft.ESS.Android
		SccProjectUniqueName11 = Xamarin\\HRMNirvana.Android\\HRMNirvana.Android.csproj
		SccProjectName11 = Xamarin/HRMNirvana.Android
		SccLocalPath11 = Xamarin\\HRMNirvana.Android
		SccProjectUniqueName12 = Xamarin\\HRMNirvana.iOS\\HRMNirvana.iOS.csproj
		SccProjectName12 = Xamarin/HRMNirvana.iOS
		SccLocalPath12 = Xamarin\\HRMNirvana.iOS
		SccProjectUniqueName13 = Xamarin\\HRMNirvana.XF\\HRMNirvana.XF.csproj
		SccProjectName13 = Xamarin/HRMNirvana.XF
		SccLocalPath13 = Xamarin\\HRMNirvana.XF
	EndGlobalSection
EndGlobal
