
Microsoft Visual Studio Solution File, Format Version 12.00
# Visual Studio 15
VisualStudioVersion = 15.0.27703.2042
MinimumVisualStudioVersion = 10.0.40219.1
Project("{FAE04EC0-301F-11D3-BF4B-00C04F79EFBC}") = "risersoft.shared.web.mvc", "..\Common\Web\risersoft.shared.web.mvc\risersoft.shared.web.mvc.csproj", "{E0CC17DC-880D-47B0-B8F5-1C981F76C662}"
EndProject
Project("{F184B08F-C81C-45F6-A57F-5ABD9991F28F}") = "risersoft.app.mxform", "..\Common\Forms\risersoft.app.mxform\risersoft.app.mxform.vbproj", "{0E5882D2-22B1-4716-99DF-680A77AE3E19}"
EndProject
Project("{F184B08F-C81C-45F6-A57F-5ABD9991F28F}") = "risersoft.app.reports.erp", "..\Common\Reports\risersoft.app.reports.erp\risersoft.app.reports.erp.vbproj", "{CAD33710-07BC-4C86-AF4C-3A24BA8AB6BA}"
EndProject
Project("{F184B08F-C81C-45F6-A57F-5ABD9991F28F}") = "HRMNirvana", "Web\HRMNirvana\HRMNirvana.vbproj", "{C026C975-6903-4228-916C-D1F6684BFF03}"
EndProject
Project("{F184B08F-C81C-45F6-A57F-5ABD9991F28F}") = "risersoft.app.mxform.hrm", "Framework\risersoft.app.mxform.hrm\risersoft.app.mxform.hrm.vbproj", "{12E1AAA1-9EC5-4881-8F5A-FE0805D47307}"
EndProject
Project("{F184B08F-C81C-45F6-A57F-5ABD9991F28F}") = "risersoft.web.mvc.hrm", "Web\risersoft.web.mvc.hrm\risersoft.web.mvc.hrm.vbproj", "{B8A7FF11-F724-4561-B4DB-9E229B9E62DB}"
EndProject
Global
	GlobalSection(SolutionConfigurationPlatforms) = preSolution
		Debug|Any CPU = Debug|Any CPU
		Release|Any CPU = Release|Any CPU
	EndGlobalSection
	GlobalSection(ProjectConfigurationPlatforms) = postSolution
		{E0CC17DC-880D-47B0-B8F5-1C981F76C662}.Debug|Any CPU.ActiveCfg = Debug|Any CPU
		{E0CC17DC-880D-47B0-B8F5-1C981F76C662}.Debug|Any CPU.Build.0 = Debug|Any CPU
		{E0CC17DC-880D-47B0-B8F5-1C981F76C662}.Release|Any CPU.ActiveCfg = Release|Any CPU
		{E0CC17DC-880D-47B0-B8F5-1C981F76C662}.Release|Any CPU.Build.0 = Release|Any CPU
		{0E5882D2-22B1-4716-99DF-680A77AE3E19}.Debug|Any CPU.ActiveCfg = Debug|Any CPU
		{0E5882D2-22B1-4716-99DF-680A77AE3E19}.Debug|Any CPU.Build.0 = Debug|Any CPU
		{0E5882D2-22B1-4716-99DF-680A77AE3E19}.Release|Any CPU.ActiveCfg = Release|Any CPU
		{0E5882D2-22B1-4716-99DF-680A77AE3E19}.Release|Any CPU.Build.0 = Release|Any CPU
		{CAD33710-07BC-4C86-AF4C-3A24BA8AB6BA}.Debug|Any CPU.ActiveCfg = Debug|Any CPU
		{CAD33710-07BC-4C86-AF4C-3A24BA8AB6BA}.Debug|Any CPU.Build.0 = Debug|Any CPU
		{CAD33710-07BC-4C86-AF4C-3A24BA8AB6BA}.Release|Any CPU.ActiveCfg = Release|Any CPU
		{CAD33710-07BC-4C86-AF4C-3A24BA8AB6BA}.Release|Any CPU.Build.0 = Release|Any CPU
		{C026C975-6903-4228-916C-D1F6684BFF03}.Debug|Any CPU.ActiveCfg = Debug|Any CPU
		{C026C975-6903-4228-916C-D1F6684BFF03}.Debug|Any CPU.Build.0 = Debug|Any CPU
		{C026C975-6903-4228-916C-D1F6684BFF03}.Release|Any CPU.ActiveCfg = Release|Any CPU
		{C026C975-6903-4228-916C-D1F6684BFF03}.Release|Any CPU.Build.0 = Release|Any CPU
		{12E1AAA1-9EC5-4881-8F5A-FE0805D47307}.Debug|Any CPU.ActiveCfg = Debug|Any CPU
		{12E1AAA1-9EC5-4881-8F5A-FE0805D47307}.Debug|Any CPU.Build.0 = Debug|Any CPU
		{12E1AAA1-9EC5-4881-8F5A-FE0805D47307}.Release|Any CPU.ActiveCfg = Release|Any CPU
		{12E1AAA1-9EC5-4881-8F5A-FE0805D47307}.Release|Any CPU.Build.0 = Release|Any CPU
		{B8A7FF11-F724-4561-B4DB-9E229B9E62DB}.Debug|Any CPU.ActiveCfg = Debug|Any CPU
		{B8A7FF11-F724-4561-B4DB-9E229B9E62DB}.Debug|Any CPU.Build.0 = Debug|Any CPU
		{B8A7FF11-F724-4561-B4DB-9E229B9E62DB}.Release|Any CPU.ActiveCfg = Release|Any CPU
		{B8A7FF11-F724-4561-B4DB-9E229B9E62DB}.Release|Any CPU.Build.0 = Release|Any CPU
	EndGlobalSection
	GlobalSection(SolutionProperties) = preSolution
		HideSolutionNode = FALSE
	EndGlobalSection
	GlobalSection(ExtensibilityGlobals) = postSolution
		SolutionGuid = {A87586DC-4BD0-4ACD-85DF-29AD16C267E9}
	EndGlobalSection
	GlobalSection(TeamFoundationVersionControl) = preSolution
		SccNumberOfProjects = 7
		SccEnterpriseProvider = {4CA58AB2-18FA-4F8D-95D4-32DDF27D184C}
		SccTeamFoundationServer = https://rsds.visualstudio.com/
		SccLocalPath0 = .
		SccProjectUniqueName1 = Web\\HRMNirvana\\HRMNirvana.vbproj
		SccProjectName1 = Web/HRMNirvana
		SccLocalPath1 = Web\\HRMNirvana
		SccProjectUniqueName2 = Framework\\risersoft.app.mxform.hrm\\risersoft.app.mxform.hrm.vbproj
		SccProjectName2 = Framework/risersoft.app.mxform.hrm
		SccLocalPath2 = Framework\\risersoft.app.mxform.hrm
		SccProjectUniqueName3 = ..\\Common\\Forms\\risersoft.app.mxform\\risersoft.app.mxform.vbproj
		SccProjectName3 = ../Common/Forms/risersoft.app.mxform
		SccLocalPath3 = ..\\Common\\Forms\\risersoft.app.mxform
		SccProjectUniqueName4 = ..\\Common\\Reports\\risersoft.app.reports.erp\\risersoft.app.reports.erp.vbproj
		SccProjectName4 = ../Common/Reports/risersoft.app.reports.erp
		SccLocalPath4 = ..\\Common\\Reports\\risersoft.app.reports.erp
		SccProjectUniqueName5 = ..\\Common\\Web\\risersoft.shared.web.mvc\\risersoft.shared.web.mvc.csproj
		SccProjectName5 = ../Common/Web/risersoft.shared.web.mvc
		SccLocalPath5 = ..\\Common\\Web\\risersoft.shared.web.mvc
		SccProjectUniqueName6 = Web\\risersoft.web.mvc.hrm\\risersoft.web.mvc.hrm.vbproj
		SccProjectName6 = Web/risersoft.web.mvc.hrm
		SccLocalPath6 = Web\\risersoft.web.mvc.hrm
	EndGlobalSection
EndGlobal
