
Microsoft Visual Studio Solution File, Format Version 12.00
# Visual Studio Version 16
VisualStudioVersion = 16.0.30002.166
MinimumVisualStudioVersion = 10.0.40219.1
Project("{F184B08F-C81C-45F6-A57F-5ABD9991F28F}") = "_RSHRMNirvana", "Windows\risersoft.exe.hrp\_RSHRMNirvana.vbproj", "{3E3C0D35-8EE8-4787-9DBE-2D80F1C0A08F}"
EndProject
Project("{F184B08F-C81C-45F6-A57F-5ABD9991F28F}") = "risersoft.app.hrp", "Windows\risersoft.app.hrp\risersoft.app.hrp.vbproj", "{B569421B-8D27-47CB-BE80-5A724DFD78F6}"
EndProject
Project("{F184B08F-C81C-45F6-A57F-5ABD9991F28F}") = "risersoft.app.reports.erp", "..\Common\Reports\risersoft.app.reports.erp\risersoft.app.reports.erp.vbproj", "{CAD33710-07BC-4C86-AF4C-3A24BA8AB6BA}"
EndProject
Project("{F184B08F-C81C-45F6-A57F-5ABD9991F28F}") = "risersoft.app.config", "..\Common\Windows\risersoft.app.config\risersoft.app.config.vbproj", "{6E72E896-AFCE-497C-95ED-676F43B862F1}"
EndProject
Project("{F184B08F-C81C-45F6-A57F-5ABD9991F28F}") = "risersoft.app.mxform", "..\Common\Forms\risersoft.app.mxform\risersoft.app.mxform.vbproj", "{0E5882D2-22B1-4716-99DF-680A77AE3E19}"
EndProject
Project("{FAE04EC0-301F-11D3-BF4B-00C04F79EFBC}") = "risersoft.shared.web.mvc", "..\Common\Web\risersoft.shared.web.mvc\risersoft.shared.web.mvc.csproj", "{E0CC17DC-880D-47B0-B8F5-1C981F76C662}"
EndProject
Project("{F184B08F-C81C-45F6-A57F-5ABD9991F28F}") = "risersoft.app.mxform.hrm", "Framework\risersoft.app.mxform.hrm\risersoft.app.mxform.hrm.vbproj", "{12E1AAA1-9EC5-4881-8F5A-FE0805D47307}"
EndProject
Project("{F184B08F-C81C-45F6-A57F-5ABD9991F28F}") = "risersoft.app.nsa", "..\Common\Windows\risersoft.app.nsa\risersoft.app.nsa.vbproj", "{136BC3BC-482E-4C33-AF4B-73BD2A56C02C}"
EndProject
Project("{C7167F0D-BC9F-4E6E-AFE1-012C56B48DB5}") = "HRMNirvana.WAP", "Windows\HRMNirvana.WAP\HRMNirvana.WAP.wapproj", "{2250CBA1-AF91-4B35-BCC0-8F0CB9060154}"
EndProject
Global
	GlobalSection(SolutionConfigurationPlatforms) = preSolution
		Debug|Any CPU = Debug|Any CPU
		Debug|ARM = Debug|ARM
		Debug|ARM64 = Debug|ARM64
		Debug|x64 = Debug|x64
		Debug|x86 = Debug|x86
		Release|Any CPU = Release|Any CPU
		Release|ARM = Release|ARM
		Release|ARM64 = Release|ARM64
		Release|x64 = Release|x64
		Release|x86 = Release|x86
	EndGlobalSection
	GlobalSection(ProjectConfigurationPlatforms) = postSolution
		{3E3C0D35-8EE8-4787-9DBE-2D80F1C0A08F}.Debug|Any CPU.ActiveCfg = Debug|Any CPU
		{3E3C0D35-8EE8-4787-9DBE-2D80F1C0A08F}.Debug|Any CPU.Build.0 = Debug|Any CPU
		{3E3C0D35-8EE8-4787-9DBE-2D80F1C0A08F}.Debug|ARM.ActiveCfg = Debug|Any CPU
		{3E3C0D35-8EE8-4787-9DBE-2D80F1C0A08F}.Debug|ARM.Build.0 = Debug|Any CPU
		{3E3C0D35-8EE8-4787-9DBE-2D80F1C0A08F}.Debug|ARM64.ActiveCfg = Debug|Any CPU
		{3E3C0D35-8EE8-4787-9DBE-2D80F1C0A08F}.Debug|ARM64.Build.0 = Debug|Any CPU
		{3E3C0D35-8EE8-4787-9DBE-2D80F1C0A08F}.Debug|x64.ActiveCfg = Debug|Any CPU
		{3E3C0D35-8EE8-4787-9DBE-2D80F1C0A08F}.Debug|x64.Build.0 = Debug|Any CPU
		{3E3C0D35-8EE8-4787-9DBE-2D80F1C0A08F}.Debug|x86.ActiveCfg = Debug|Any CPU
		{3E3C0D35-8EE8-4787-9DBE-2D80F1C0A08F}.Debug|x86.Build.0 = Debug|Any CPU
		{3E3C0D35-8EE8-4787-9DBE-2D80F1C0A08F}.Release|Any CPU.ActiveCfg = Release|Any CPU
		{3E3C0D35-8EE8-4787-9DBE-2D80F1C0A08F}.Release|Any CPU.Build.0 = Release|Any CPU
		{3E3C0D35-8EE8-4787-9DBE-2D80F1C0A08F}.Release|ARM.ActiveCfg = Release|Any CPU
		{3E3C0D35-8EE8-4787-9DBE-2D80F1C0A08F}.Release|ARM.Build.0 = Release|Any CPU
		{3E3C0D35-8EE8-4787-9DBE-2D80F1C0A08F}.Release|ARM64.ActiveCfg = Release|Any CPU
		{3E3C0D35-8EE8-4787-9DBE-2D80F1C0A08F}.Release|ARM64.Build.0 = Release|Any CPU
		{3E3C0D35-8EE8-4787-9DBE-2D80F1C0A08F}.Release|x64.ActiveCfg = Release|Any CPU
		{3E3C0D35-8EE8-4787-9DBE-2D80F1C0A08F}.Release|x64.Build.0 = Release|Any CPU
		{3E3C0D35-8EE8-4787-9DBE-2D80F1C0A08F}.Release|x86.ActiveCfg = Release|Any CPU
		{3E3C0D35-8EE8-4787-9DBE-2D80F1C0A08F}.Release|x86.Build.0 = Release|Any CPU
		{B569421B-8D27-47CB-BE80-5A724DFD78F6}.Debug|Any CPU.ActiveCfg = Debug|Any CPU
		{B569421B-8D27-47CB-BE80-5A724DFD78F6}.Debug|Any CPU.Build.0 = Debug|Any CPU
		{B569421B-8D27-47CB-BE80-5A724DFD78F6}.Debug|ARM.ActiveCfg = Debug|Any CPU
		{B569421B-8D27-47CB-BE80-5A724DFD78F6}.Debug|ARM.Build.0 = Debug|Any CPU
		{B569421B-8D27-47CB-BE80-5A724DFD78F6}.Debug|ARM64.ActiveCfg = Debug|Any CPU
		{B569421B-8D27-47CB-BE80-5A724DFD78F6}.Debug|ARM64.Build.0 = Debug|Any CPU
		{B569421B-8D27-47CB-BE80-5A724DFD78F6}.Debug|x64.ActiveCfg = Debug|Any CPU
		{B569421B-8D27-47CB-BE80-5A724DFD78F6}.Debug|x64.Build.0 = Debug|Any CPU
		{B569421B-8D27-47CB-BE80-5A724DFD78F6}.Debug|x86.ActiveCfg = Debug|Any CPU
		{B569421B-8D27-47CB-BE80-5A724DFD78F6}.Debug|x86.Build.0 = Debug|Any CPU
		{B569421B-8D27-47CB-BE80-5A724DFD78F6}.Release|Any CPU.ActiveCfg = Release|Any CPU
		{B569421B-8D27-47CB-BE80-5A724DFD78F6}.Release|Any CPU.Build.0 = Release|Any CPU
		{B569421B-8D27-47CB-BE80-5A724DFD78F6}.Release|ARM.ActiveCfg = Release|Any CPU
		{B569421B-8D27-47CB-BE80-5A724DFD78F6}.Release|ARM.Build.0 = Release|Any CPU
		{B569421B-8D27-47CB-BE80-5A724DFD78F6}.Release|ARM64.ActiveCfg = Release|Any CPU
		{B569421B-8D27-47CB-BE80-5A724DFD78F6}.Release|ARM64.Build.0 = Release|Any CPU
		{B569421B-8D27-47CB-BE80-5A724DFD78F6}.Release|x64.ActiveCfg = Release|Any CPU
		{B569421B-8D27-47CB-BE80-5A724DFD78F6}.Release|x64.Build.0 = Release|Any CPU
		{B569421B-8D27-47CB-BE80-5A724DFD78F6}.Release|x86.ActiveCfg = Release|Any CPU
		{B569421B-8D27-47CB-BE80-5A724DFD78F6}.Release|x86.Build.0 = Release|Any CPU
		{CAD33710-07BC-4C86-AF4C-3A24BA8AB6BA}.Debug|Any CPU.ActiveCfg = Debug|Any CPU
		{CAD33710-07BC-4C86-AF4C-3A24BA8AB6BA}.Debug|Any CPU.Build.0 = Debug|Any CPU
		{CAD33710-07BC-4C86-AF4C-3A24BA8AB6BA}.Debug|ARM.ActiveCfg = Debug|Any CPU
		{CAD33710-07BC-4C86-AF4C-3A24BA8AB6BA}.Debug|ARM.Build.0 = Debug|Any CPU
		{CAD33710-07BC-4C86-AF4C-3A24BA8AB6BA}.Debug|ARM64.ActiveCfg = Debug|Any CPU
		{CAD33710-07BC-4C86-AF4C-3A24BA8AB6BA}.Debug|ARM64.Build.0 = Debug|Any CPU
		{CAD33710-07BC-4C86-AF4C-3A24BA8AB6BA}.Debug|x64.ActiveCfg = Debug|Any CPU
		{CAD33710-07BC-4C86-AF4C-3A24BA8AB6BA}.Debug|x64.Build.0 = Debug|Any CPU
		{CAD33710-07BC-4C86-AF4C-3A24BA8AB6BA}.Debug|x86.ActiveCfg = Debug|Any CPU
		{CAD33710-07BC-4C86-AF4C-3A24BA8AB6BA}.Debug|x86.Build.0 = Debug|Any CPU
		{CAD33710-07BC-4C86-AF4C-3A24BA8AB6BA}.Release|Any CPU.ActiveCfg = Release|Any CPU
		{CAD33710-07BC-4C86-AF4C-3A24BA8AB6BA}.Release|Any CPU.Build.0 = Release|Any CPU
		{CAD33710-07BC-4C86-AF4C-3A24BA8AB6BA}.Release|ARM.ActiveCfg = Release|Any CPU
		{CAD33710-07BC-4C86-AF4C-3A24BA8AB6BA}.Release|ARM.Build.0 = Release|Any CPU
		{CAD33710-07BC-4C86-AF4C-3A24BA8AB6BA}.Release|ARM64.ActiveCfg = Release|Any CPU
		{CAD33710-07BC-4C86-AF4C-3A24BA8AB6BA}.Release|ARM64.Build.0 = Release|Any CPU
		{CAD33710-07BC-4C86-AF4C-3A24BA8AB6BA}.Release|x64.ActiveCfg = Release|Any CPU
		{CAD33710-07BC-4C86-AF4C-3A24BA8AB6BA}.Release|x64.Build.0 = Release|Any CPU
		{CAD33710-07BC-4C86-AF4C-3A24BA8AB6BA}.Release|x86.ActiveCfg = Release|Any CPU
		{CAD33710-07BC-4C86-AF4C-3A24BA8AB6BA}.Release|x86.Build.0 = Release|Any CPU
		{6E72E896-AFCE-497C-95ED-676F43B862F1}.Debug|Any CPU.ActiveCfg = Debug|Any CPU
		{6E72E896-AFCE-497C-95ED-676F43B862F1}.Debug|Any CPU.Build.0 = Debug|Any CPU
		{6E72E896-AFCE-497C-95ED-676F43B862F1}.Debug|ARM.ActiveCfg = Debug|Any CPU
		{6E72E896-AFCE-497C-95ED-676F43B862F1}.Debug|ARM.Build.0 = Debug|Any CPU
		{6E72E896-AFCE-497C-95ED-676F43B862F1}.Debug|ARM64.ActiveCfg = Debug|Any CPU
		{6E72E896-AFCE-497C-95ED-676F43B862F1}.Debug|ARM64.Build.0 = Debug|Any CPU
		{6E72E896-AFCE-497C-95ED-676F43B862F1}.Debug|x64.ActiveCfg = Debug|Any CPU
		{6E72E896-AFCE-497C-95ED-676F43B862F1}.Debug|x64.Build.0 = Debug|Any CPU
		{6E72E896-AFCE-497C-95ED-676F43B862F1}.Debug|x86.ActiveCfg = Debug|Any CPU
		{6E72E896-AFCE-497C-95ED-676F43B862F1}.Debug|x86.Build.0 = Debug|Any CPU
		{6E72E896-AFCE-497C-95ED-676F43B862F1}.Release|Any CPU.ActiveCfg = Release|Any CPU
		{6E72E896-AFCE-497C-95ED-676F43B862F1}.Release|Any CPU.Build.0 = Release|Any CPU
		{6E72E896-AFCE-497C-95ED-676F43B862F1}.Release|ARM.ActiveCfg = Release|Any CPU
		{6E72E896-AFCE-497C-95ED-676F43B862F1}.Release|ARM.Build.0 = Release|Any CPU
		{6E72E896-AFCE-497C-95ED-676F43B862F1}.Release|ARM64.ActiveCfg = Release|Any CPU
		{6E72E896-AFCE-497C-95ED-676F43B862F1}.Release|ARM64.Build.0 = Release|Any CPU
		{6E72E896-AFCE-497C-95ED-676F43B862F1}.Release|x64.ActiveCfg = Release|Any CPU
		{6E72E896-AFCE-497C-95ED-676F43B862F1}.Release|x64.Build.0 = Release|Any CPU
		{6E72E896-AFCE-497C-95ED-676F43B862F1}.Release|x86.ActiveCfg = Release|Any CPU
		{6E72E896-AFCE-497C-95ED-676F43B862F1}.Release|x86.Build.0 = Release|Any CPU
		{0E5882D2-22B1-4716-99DF-680A77AE3E19}.Debug|Any CPU.ActiveCfg = Debug|Any CPU
		{0E5882D2-22B1-4716-99DF-680A77AE3E19}.Debug|Any CPU.Build.0 = Debug|Any CPU
		{0E5882D2-22B1-4716-99DF-680A77AE3E19}.Debug|ARM.ActiveCfg = Debug|Any CPU
		{0E5882D2-22B1-4716-99DF-680A77AE3E19}.Debug|ARM.Build.0 = Debug|Any CPU
		{0E5882D2-22B1-4716-99DF-680A77AE3E19}.Debug|ARM64.ActiveCfg = Debug|Any CPU
		{0E5882D2-22B1-4716-99DF-680A77AE3E19}.Debug|ARM64.Build.0 = Debug|Any CPU
		{0E5882D2-22B1-4716-99DF-680A77AE3E19}.Debug|x64.ActiveCfg = Debug|Any CPU
		{0E5882D2-22B1-4716-99DF-680A77AE3E19}.Debug|x64.Build.0 = Debug|Any CPU
		{0E5882D2-22B1-4716-99DF-680A77AE3E19}.Debug|x86.ActiveCfg = Debug|Any CPU
		{0E5882D2-22B1-4716-99DF-680A77AE3E19}.Debug|x86.Build.0 = Debug|Any CPU
		{0E5882D2-22B1-4716-99DF-680A77AE3E19}.Release|Any CPU.ActiveCfg = Release|Any CPU
		{0E5882D2-22B1-4716-99DF-680A77AE3E19}.Release|Any CPU.Build.0 = Release|Any CPU
		{0E5882D2-22B1-4716-99DF-680A77AE3E19}.Release|ARM.ActiveCfg = Release|Any CPU
		{0E5882D2-22B1-4716-99DF-680A77AE3E19}.Release|ARM.Build.0 = Release|Any CPU
		{0E5882D2-22B1-4716-99DF-680A77AE3E19}.Release|ARM64.ActiveCfg = Release|Any CPU
		{0E5882D2-22B1-4716-99DF-680A77AE3E19}.Release|ARM64.Build.0 = Release|Any CPU
		{0E5882D2-22B1-4716-99DF-680A77AE3E19}.Release|x64.ActiveCfg = Release|Any CPU
		{0E5882D2-22B1-4716-99DF-680A77AE3E19}.Release|x64.Build.0 = Release|Any CPU
		{0E5882D2-22B1-4716-99DF-680A77AE3E19}.Release|x86.ActiveCfg = Release|Any CPU
		{0E5882D2-22B1-4716-99DF-680A77AE3E19}.Release|x86.Build.0 = Release|Any CPU
		{E0CC17DC-880D-47B0-B8F5-1C981F76C662}.Debug|Any CPU.ActiveCfg = Debug|Any CPU
		{E0CC17DC-880D-47B0-B8F5-1C981F76C662}.Debug|Any CPU.Build.0 = Debug|Any CPU
		{E0CC17DC-880D-47B0-B8F5-1C981F76C662}.Debug|ARM.ActiveCfg = Debug|Any CPU
		{E0CC17DC-880D-47B0-B8F5-1C981F76C662}.Debug|ARM.Build.0 = Debug|Any CPU
		{E0CC17DC-880D-47B0-B8F5-1C981F76C662}.Debug|ARM64.ActiveCfg = Debug|Any CPU
		{E0CC17DC-880D-47B0-B8F5-1C981F76C662}.Debug|ARM64.Build.0 = Debug|Any CPU
		{E0CC17DC-880D-47B0-B8F5-1C981F76C662}.Debug|x64.ActiveCfg = Debug|Any CPU
		{E0CC17DC-880D-47B0-B8F5-1C981F76C662}.Debug|x64.Build.0 = Debug|Any CPU
		{E0CC17DC-880D-47B0-B8F5-1C981F76C662}.Debug|x86.ActiveCfg = Debug|Any CPU
		{E0CC17DC-880D-47B0-B8F5-1C981F76C662}.Debug|x86.Build.0 = Debug|Any CPU
		{E0CC17DC-880D-47B0-B8F5-1C981F76C662}.Release|Any CPU.ActiveCfg = Release|Any CPU
		{E0CC17DC-880D-47B0-B8F5-1C981F76C662}.Release|Any CPU.Build.0 = Release|Any CPU
		{E0CC17DC-880D-47B0-B8F5-1C981F76C662}.Release|ARM.ActiveCfg = Release|Any CPU
		{E0CC17DC-880D-47B0-B8F5-1C981F76C662}.Release|ARM.Build.0 = Release|Any CPU
		{E0CC17DC-880D-47B0-B8F5-1C981F76C662}.Release|ARM64.ActiveCfg = Release|Any CPU
		{E0CC17DC-880D-47B0-B8F5-1C981F76C662}.Release|ARM64.Build.0 = Release|Any CPU
		{E0CC17DC-880D-47B0-B8F5-1C981F76C662}.Release|x64.ActiveCfg = Release|Any CPU
		{E0CC17DC-880D-47B0-B8F5-1C981F76C662}.Release|x64.Build.0 = Release|Any CPU
		{E0CC17DC-880D-47B0-B8F5-1C981F76C662}.Release|x86.ActiveCfg = Release|Any CPU
		{E0CC17DC-880D-47B0-B8F5-1C981F76C662}.Release|x86.Build.0 = Release|Any CPU
		{12E1AAA1-9EC5-4881-8F5A-FE0805D47307}.Debug|Any CPU.ActiveCfg = Debug|Any CPU
		{12E1AAA1-9EC5-4881-8F5A-FE0805D47307}.Debug|Any CPU.Build.0 = Debug|Any CPU
		{12E1AAA1-9EC5-4881-8F5A-FE0805D47307}.Debug|ARM.ActiveCfg = Debug|Any CPU
		{12E1AAA1-9EC5-4881-8F5A-FE0805D47307}.Debug|ARM.Build.0 = Debug|Any CPU
		{12E1AAA1-9EC5-4881-8F5A-FE0805D47307}.Debug|ARM64.ActiveCfg = Debug|Any CPU
		{12E1AAA1-9EC5-4881-8F5A-FE0805D47307}.Debug|ARM64.Build.0 = Debug|Any CPU
		{12E1AAA1-9EC5-4881-8F5A-FE0805D47307}.Debug|x64.ActiveCfg = Debug|Any CPU
		{12E1AAA1-9EC5-4881-8F5A-FE0805D47307}.Debug|x64.Build.0 = Debug|Any CPU
		{12E1AAA1-9EC5-4881-8F5A-FE0805D47307}.Debug|x86.ActiveCfg = Debug|Any CPU
		{12E1AAA1-9EC5-4881-8F5A-FE0805D47307}.Debug|x86.Build.0 = Debug|Any CPU
		{12E1AAA1-9EC5-4881-8F5A-FE0805D47307}.Release|Any CPU.ActiveCfg = Release|Any CPU
		{12E1AAA1-9EC5-4881-8F5A-FE0805D47307}.Release|Any CPU.Build.0 = Release|Any CPU
		{12E1AAA1-9EC5-4881-8F5A-FE0805D47307}.Release|ARM.ActiveCfg = Release|Any CPU
		{12E1AAA1-9EC5-4881-8F5A-FE0805D47307}.Release|ARM.Build.0 = Release|Any CPU
		{12E1AAA1-9EC5-4881-8F5A-FE0805D47307}.Release|ARM64.ActiveCfg = Release|Any CPU
		{12E1AAA1-9EC5-4881-8F5A-FE0805D47307}.Release|ARM64.Build.0 = Release|Any CPU
		{12E1AAA1-9EC5-4881-8F5A-FE0805D47307}.Release|x64.ActiveCfg = Release|Any CPU
		{12E1AAA1-9EC5-4881-8F5A-FE0805D47307}.Release|x64.Build.0 = Release|Any CPU
		{12E1AAA1-9EC5-4881-8F5A-FE0805D47307}.Release|x86.ActiveCfg = Release|Any CPU
		{12E1AAA1-9EC5-4881-8F5A-FE0805D47307}.Release|x86.Build.0 = Release|Any CPU
		{136BC3BC-482E-4C33-AF4B-73BD2A56C02C}.Debug|Any CPU.ActiveCfg = Debug|Any CPU
		{136BC3BC-482E-4C33-AF4B-73BD2A56C02C}.Debug|Any CPU.Build.0 = Debug|Any CPU
		{136BC3BC-482E-4C33-AF4B-73BD2A56C02C}.Debug|ARM.ActiveCfg = Debug|Any CPU
		{136BC3BC-482E-4C33-AF4B-73BD2A56C02C}.Debug|ARM.Build.0 = Debug|Any CPU
		{136BC3BC-482E-4C33-AF4B-73BD2A56C02C}.Debug|ARM64.ActiveCfg = Debug|Any CPU
		{136BC3BC-482E-4C33-AF4B-73BD2A56C02C}.Debug|ARM64.Build.0 = Debug|Any CPU
		{136BC3BC-482E-4C33-AF4B-73BD2A56C02C}.Debug|x64.ActiveCfg = Debug|Any CPU
		{136BC3BC-482E-4C33-AF4B-73BD2A56C02C}.Debug|x64.Build.0 = Debug|Any CPU
		{136BC3BC-482E-4C33-AF4B-73BD2A56C02C}.Debug|x86.ActiveCfg = Debug|Any CPU
		{136BC3BC-482E-4C33-AF4B-73BD2A56C02C}.Debug|x86.Build.0 = Debug|Any CPU
		{136BC3BC-482E-4C33-AF4B-73BD2A56C02C}.Release|Any CPU.ActiveCfg = Release|Any CPU
		{136BC3BC-482E-4C33-AF4B-73BD2A56C02C}.Release|Any CPU.Build.0 = Release|Any CPU
		{136BC3BC-482E-4C33-AF4B-73BD2A56C02C}.Release|ARM.ActiveCfg = Release|Any CPU
		{136BC3BC-482E-4C33-AF4B-73BD2A56C02C}.Release|ARM.Build.0 = Release|Any CPU
		{136BC3BC-482E-4C33-AF4B-73BD2A56C02C}.Release|ARM64.ActiveCfg = Release|Any CPU
		{136BC3BC-482E-4C33-AF4B-73BD2A56C02C}.Release|ARM64.Build.0 = Release|Any CPU
		{136BC3BC-482E-4C33-AF4B-73BD2A56C02C}.Release|x64.ActiveCfg = Release|Any CPU
		{136BC3BC-482E-4C33-AF4B-73BD2A56C02C}.Release|x64.Build.0 = Release|Any CPU
		{136BC3BC-482E-4C33-AF4B-73BD2A56C02C}.Release|x86.ActiveCfg = Release|Any CPU
		{136BC3BC-482E-4C33-AF4B-73BD2A56C02C}.Release|x86.Build.0 = Release|Any CPU
		{2250CBA1-AF91-4B35-BCC0-8F0CB9060154}.Debug|Any CPU.ActiveCfg = Debug|Any CPU
		{2250CBA1-AF91-4B35-BCC0-8F0CB9060154}.Debug|Any CPU.Build.0 = Debug|Any CPU
		{2250CBA1-AF91-4B35-BCC0-8F0CB9060154}.Debug|Any CPU.Deploy.0 = Debug|Any CPU
		{2250CBA1-AF91-4B35-BCC0-8F0CB9060154}.Debug|ARM.ActiveCfg = Debug|ARM
		{2250CBA1-AF91-4B35-BCC0-8F0CB9060154}.Debug|ARM.Build.0 = Debug|ARM
		{2250CBA1-AF91-4B35-BCC0-8F0CB9060154}.Debug|ARM.Deploy.0 = Debug|ARM
		{2250CBA1-AF91-4B35-BCC0-8F0CB9060154}.Debug|ARM64.ActiveCfg = Debug|ARM64
		{2250CBA1-AF91-4B35-BCC0-8F0CB9060154}.Debug|ARM64.Build.0 = Debug|ARM64
		{2250CBA1-AF91-4B35-BCC0-8F0CB9060154}.Debug|ARM64.Deploy.0 = Debug|ARM64
		{2250CBA1-AF91-4B35-BCC0-8F0CB9060154}.Debug|x64.ActiveCfg = Debug|x64
		{2250CBA1-AF91-4B35-BCC0-8F0CB9060154}.Debug|x64.Build.0 = Debug|x64
		{2250CBA1-AF91-4B35-BCC0-8F0CB9060154}.Debug|x64.Deploy.0 = Debug|x64
		{2250CBA1-AF91-4B35-BCC0-8F0CB9060154}.Debug|x86.ActiveCfg = Debug|x86
		{2250CBA1-AF91-4B35-BCC0-8F0CB9060154}.Debug|x86.Build.0 = Debug|x86
		{2250CBA1-AF91-4B35-BCC0-8F0CB9060154}.Debug|x86.Deploy.0 = Debug|x86
		{2250CBA1-AF91-4B35-BCC0-8F0CB9060154}.Release|Any CPU.ActiveCfg = Release|Any CPU
		{2250CBA1-AF91-4B35-BCC0-8F0CB9060154}.Release|Any CPU.Build.0 = Release|Any CPU
		{2250CBA1-AF91-4B35-BCC0-8F0CB9060154}.Release|Any CPU.Deploy.0 = Release|Any CPU
		{2250CBA1-AF91-4B35-BCC0-8F0CB9060154}.Release|ARM.ActiveCfg = Release|ARM
		{2250CBA1-AF91-4B35-BCC0-8F0CB9060154}.Release|ARM.Build.0 = Release|ARM
		{2250CBA1-AF91-4B35-BCC0-8F0CB9060154}.Release|ARM.Deploy.0 = Release|ARM
		{2250CBA1-AF91-4B35-BCC0-8F0CB9060154}.Release|ARM64.ActiveCfg = Release|ARM64
		{2250CBA1-AF91-4B35-BCC0-8F0CB9060154}.Release|ARM64.Build.0 = Release|ARM64
		{2250CBA1-AF91-4B35-BCC0-8F0CB9060154}.Release|ARM64.Deploy.0 = Release|ARM64
		{2250CBA1-AF91-4B35-BCC0-8F0CB9060154}.Release|x64.ActiveCfg = Release|x64
		{2250CBA1-AF91-4B35-BCC0-8F0CB9060154}.Release|x64.Build.0 = Release|x64
		{2250CBA1-AF91-4B35-BCC0-8F0CB9060154}.Release|x64.Deploy.0 = Release|x64
		{2250CBA1-AF91-4B35-BCC0-8F0CB9060154}.Release|x86.ActiveCfg = Release|x86
		{2250CBA1-AF91-4B35-BCC0-8F0CB9060154}.Release|x86.Build.0 = Release|x86
		{2250CBA1-AF91-4B35-BCC0-8F0CB9060154}.Release|x86.Deploy.0 = Release|x86
	EndGlobalSection
	GlobalSection(SolutionProperties) = preSolution
		HideSolutionNode = FALSE
	EndGlobalSection
	GlobalSection(ExtensibilityGlobals) = postSolution
		SolutionGuid = {7136D31B-57E6-4486-8454-1A96B378B113}
	EndGlobalSection
	GlobalSection(TeamFoundationVersionControl) = preSolution
		SccNumberOfProjects = 10
		SccEnterpriseProvider = {4CA58AB2-18FA-4F8D-95D4-32DDF27D184C}
		SccTeamFoundationServer = https://rsds.visualstudio.com/
		SccLocalPath0 = .
		SccProjectUniqueName1 = Windows\\risersoft.exe.hrp\\_RSHRMNirvana.vbproj
		SccProjectName1 = Windows/risersoft.exe.hrp
		SccLocalPath1 = Windows\\risersoft.exe.hrp
		SccProjectUniqueName2 = Windows\\risersoft.app.hrp\\risersoft.app.hrp.vbproj
		SccProjectName2 = Windows/risersoft.app.hrp
		SccLocalPath2 = Windows\\risersoft.app.hrp
		SccProjectUniqueName3 = Framework\\risersoft.app.mxform.hrm\\risersoft.app.mxform.hrm.vbproj
		SccProjectName3 = Framework/risersoft.app.mxform.hrm
		SccLocalPath3 = Framework\\risersoft.app.mxform.hrm
		SccProjectUniqueName4 = ..\\Common\\Reports\\risersoft.app.reports.erp\\risersoft.app.reports.erp.vbproj
		SccProjectName4 = ../Common/Reports/risersoft.app.reports.erp
		SccLocalPath4 = ..\\Common\\Reports\\risersoft.app.reports.erp
		SccProjectUniqueName5 = ..\\Common\\Windows\\risersoft.app.config\\risersoft.app.config.vbproj
		SccProjectName5 = ../Common/Windows/risersoft.app.config
		SccLocalPath5 = ..\\Common\\Windows\\risersoft.app.config
		SccProjectUniqueName6 = ..\\Common\\Forms\\risersoft.app.mxform\\risersoft.app.mxform.vbproj
		SccProjectName6 = ../Common/Forms/risersoft.app.mxform
		SccLocalPath6 = ..\\Common\\Forms\\risersoft.app.mxform
		SccProjectUniqueName7 = ..\\Common\\Web\\risersoft.shared.web.mvc\\risersoft.shared.web.mvc.csproj
		SccProjectName7 = ../Common/Web/risersoft.shared.web.mvc
		SccLocalPath7 = ..\\Common\\Web\\risersoft.shared.web.mvc
		SccProjectUniqueName8 = ..\\Common\\Windows\\risersoft.app.nsa\\risersoft.app.nsa.vbproj
		SccProjectName8 = ../Common/Windows/risersoft.app.nsa
		SccLocalPath8 = ..\\Common\\Windows\\risersoft.app.nsa
		SccProjectUniqueName9 = Windows\\HRMNirvana.WAP\\HRMNirvana.WAP.wapproj
		SccProjectName9 = Windows/HRMNirvana.WAP
		SccLocalPath9 = Windows\\HRMNirvana.WAP
	EndGlobalSection
EndGlobal
